
Microsoft Visual Studio Solution File, Format Version 12.00
# Visual Studio Version 16
VisualStudioVersion = 16.0.31005.135
MinimumVisualStudioVersion = 10.0.40219.1
Project("{2150E333-8FDC-42A3-9474-1A3956D46DE8}") = "Arrays", "Arrays", "{D14A7553-23D1-4C36-961F-3BEF465800ED}"
EndProject
Project("{FAE04EC0-301F-11D3-BF4B-00C04F79EFBC}") = "ReplaceEvenWithTwoOfSame", "ReplaceEvenWithTwoOfSame\ReplaceEvenWithTwoOfSame.csproj", "{A36698F4-3F69-4E81-8270-5B5174BB52FA}"
EndProject
Project("{FAE04EC0-301F-11D3-BF4B-00C04F79EFBC}") = "ReverseArray", "ReverseArray\ReverseArray.csproj", "{2A14C81E-5B19-44C7-AFC6-04E69E10F5F2}"
EndProject
Project("{9A19103F-16F7-4668-BE54-9A1E7A4F7556}") = "TwoSumInSortedArray", "TwoSumInSortedArray\TwoSumInSortedArray.csproj", "{B200CE23-C4E3-4734-9AC0-953B1EE7D2A8}"
EndProject
Project("{2150E333-8FDC-42A3-9474-1A3956D46DE8}") = "Strings", "Strings", "{AB1A3FD5-EF84-4667-8BEE-BE4E50D5C2E3}"
EndProject
Project("{9A19103F-16F7-4668-BE54-9A1E7A4F7556}") = "ReverseSentence", "ReverseSentence\ReverseSentence.csproj", "{C156CA5F-5F75-4D76-8EA8-E89D083DF6EC}"
EndProject
Project("{9A19103F-16F7-4668-BE54-9A1E7A4F7556}") = "SortSortedArrayAfterSquared", "SortSortedArrayAfterSquared\SortSortedArrayAfterSquared.csproj", "{69FB7781-B05A-40B9-89D7-4F1105A94AE6}"
EndProject
Project("{9A19103F-16F7-4668-BE54-9A1E7A4F7556}") = "ShortestSubarrayToBeSortedToSortArray", "ShortestSubarrayToBeSortedToSortArray\ShortestSubarrayToBeSortedToSortArray.csproj", "{3CDF8509-E61D-49AD-80F0-FB18A281A9D4}"
EndProject
Project("{9A19103F-16F7-4668-BE54-9A1E7A4F7556}") = "MoveAllZeroesToRight", "MoveAllZeroesToRight\MoveAllZeroesToRight.csproj", "{9460BFCD-9A41-47D8-AA8F-F12FF7A20C31}"
EndProject
Project("{9A19103F-16F7-4668-BE54-9A1E7A4F7556}") = "MoveAllZeroesToLeft", "MoveAllZeroesToLeft\MoveAllZeroesToLeft.csproj", "{23C144FF-ADBA-488A-BA12-D686A5D9E8F9}"
EndProject
Project("{9A19103F-16F7-4668-BE54-9A1E7A4F7556}") = "DutchNationalFlag", "DutchNationalFlag\DutchNationalFlag.csproj", "{0008572B-2F82-4310-B48D-C913A3D54DCE}"
EndProject
Project("{9A19103F-16F7-4668-BE54-9A1E7A4F7556}") = "MaximumSubArraySum", "MaximumSubArraySum\MaximumSubArraySum.csproj", "{C7314547-9E7C-4928-8704-E2DBA2546DBC}"
EndProject
Project("{9A19103F-16F7-4668-BE54-9A1E7A4F7556}") = "SubArrayThatSumsToTarget", "SubArrayThatSumsToTarget\SubArrayThatSumsToTarget.csproj", "{F7D8F202-24FA-424D-B301-86024EBFC6BC}"
EndProject
Project("{9A19103F-16F7-4668-BE54-9A1E7A4F7556}") = "MaximuSumOf_K_SizeSubarray", "MaximuSumOf_K_SizeSubarray\MaximuSumOf_K_SizeSubarray.csproj", "{4738C2AE-2398-4605-9788-337A7D9D8B26}"
EndProject
Project("{2150E333-8FDC-42A3-9474-1A3956D46DE8}") = "Recursion_Basics", "Recursion_Basics", "{947A9DD2-C3E4-4FDB-B17C-C68B77C68363}"
EndProject
Project("{9A19103F-16F7-4668-BE54-9A1E7A4F7556}") = "FibonacciSeries", "FibonacciSeries\FibonacciSeries.csproj", "{57C4BC55-5BF4-4656-9A5C-7DA2A8C569B4}"
EndProject
Project("{9A19103F-16F7-4668-BE54-9A1E7A4F7556}") = "FindGCD", "FindGCD\FindGCD.csproj", "{2813AFB7-A890-4DDC-B132-A7D627C85D87}"
EndProject
Project("{9A19103F-16F7-4668-BE54-9A1E7A4F7556}") = "CheckForPrime", "CheckForPrime\CheckForPrime.csproj", "{CBDD0F07-A608-4A0C-BC10-CBD01E131D2F}"
EndProject
Project("{9A19103F-16F7-4668-BE54-9A1E7A4F7556}") = "ConvertDecimalToBinary", "ConvertDecimalToBinary\ConvertDecimalToBinary.csproj", "{F1ECEDF3-EFB1-4C33-86F6-7FE2098BF751}"
EndProject
Project("{9A19103F-16F7-4668-BE54-9A1E7A4F7556}") = "ReverseStringRecursively", "ReverseStringRecursively\ReverseStringRecursively.csproj", "{30EB03D7-C229-4EB7-A6FB-B6A32E991D04}"
EndProject
Project("{9A19103F-16F7-4668-BE54-9A1E7A4F7556}") = "RemoveDupicatesInString", "RemoveDupicatesInString\RemoveDupicatesInString.csproj", "{CFC565A8-04FF-4F9E-BFA1-2B8AEA32B99F}"
EndProject
Project("{9A19103F-16F7-4668-BE54-9A1E7A4F7556}") = "GetListOfCombinations", "GetListOfCombinations\GetListOfCombinations.csproj", "{02A4458F-BFAB-446E-BAE6-A3683D3C4ACF}"
EndProject
Project("{9A19103F-16F7-4668-BE54-9A1E7A4F7556}") = "FindAnagramsInString", "FindAnagramsInString\FindAnagramsInString.csproj", "{EFD2ED8A-BA54-462A-B6BF-A3D19D1C9582}"
EndProject
Project("{2150E333-8FDC-42A3-9474-1A3956D46DE8}") = "LeetCodeMarch", "LeetCodeMarch", "{04DA40B4-5B34-4266-9347-C7ACBAAF347E}"
EndProject
Project("{9A19103F-16F7-4668-BE54-9A1E7A4F7556}") = "Single-RowKeyboard", "Single-RowKeyboard\Single-RowKeyboard.csproj", "{80A426BF-9EB4-4556-872E-0538BDB2B9B0}"
EndProject
Project("{9A19103F-16F7-4668-BE54-9A1E7A4F7556}") = "DistributeCandies", "DistributeCandies\DistributeCandies.csproj", "{EA8641DB-98F9-4694-9D62-5C097C138091}"
EndProject
Project("{9A19103F-16F7-4668-BE54-9A1E7A4F7556}") = "SetMismatch", "SetMismatch\SetMismatch.csproj", "{322EBBE9-03F9-4A5F-B923-A06EA363233F}"
EndProject
Project("{9A19103F-16F7-4668-BE54-9A1E7A4F7556}") = "MissingNumber", "MissingNumber\MissingNumber.csproj", "{6CAC5372-40F7-4A2E-95FD-31832365BDB1}"
EndProject
Project("{9A19103F-16F7-4668-BE54-9A1E7A4F7556}") = "PalindromicSubstrings", "PalindromicSubstrings\PalindromicSubstrings.csproj", "{73F60877-AF03-4AFF-9899-08C99EBF2416}"
EndProject
Project("{9A19103F-16F7-4668-BE54-9A1E7A4F7556}") = "ClimbStairs", "ClimbStairs\ClimbStairs.csproj", "{3311DBAD-3F74-4593-B206-A22D5F5D6795}"
EndProject
Project("{9A19103F-16F7-4668-BE54-9A1E7A4F7556}") = "FindSmallestCommonElementInAllRowsInMatrix", "FindSmallestCommonElementInMatrix\FindSmallestCommonElementInAllRowsInMatrix.csproj", "{BF02B117-A7C1-4BC9-BC84-BD1ED29FB6ED}"
EndProject
Project("{2150E333-8FDC-42A3-9474-1A3956D46DE8}") = "Trees", "Trees", "{A2176D1D-830D-4D71-AE77-047B67411F21}"
EndProject
Project("{2150E333-8FDC-42A3-9474-1A3956D46DE8}") = "Graph", "Graph", "{05D1AFD4-2DB5-4B5C-99A9-D5BAEF059B1E}"
EndProject
Project("{9A19103F-16F7-4668-BE54-9A1E7A4F7556}") = "Graphs", "Graphs\Graphs.csproj", "{0254B9DC-E518-44FC-A5F7-FCBE48F0E0C4}"
EndProject
Project("{9A19103F-16F7-4668-BE54-9A1E7A4F7556}") = "CountVowels", "CountVowels\CountVowels.csproj", "{D45A5F7F-0BC6-494B-A819-81E9257BBD12}"
EndProject
Project("{9A19103F-16F7-4668-BE54-9A1E7A4F7556}") = "PathSumToLeaves", "PathSumToLeaves\PathSumToLeaves.csproj", "{91AC0E3E-0C52-4733-A09C-90B274F78420}"
EndProject
Project("{9A19103F-16F7-4668-BE54-9A1E7A4F7556}") = "BinaryTree", "BinaryTree\BinaryTree.csproj", "{E743424A-A7AA-4E36-800C-D503EC9B2DC6}"
EndProject
Project("{9A19103F-16F7-4668-BE54-9A1E7A4F7556}") = "HeightOfTreeTopToBottom", "HeightOfTreeTopToBottom\HeightOfTreeTopToBottom.csproj", "{1C565135-5354-4E75-BA96-709D1A7A9185}"
EndProject
Project("{9A19103F-16F7-4668-BE54-9A1E7A4F7556}") = "MaxPathSumInTree", "MaxPathSumInTree\MaxPathSumInTree.csproj", "{27C92246-6A5A-44DC-8E6F-101E93626A3A}"
EndProject
Project("{2150E333-8FDC-42A3-9474-1A3956D46DE8}") = "TopLeetCodeQuestions_01", "TopLeetCodeQuestions_01", "{DDED0597-5AEC-44CC-9514-CB2E62B8084B}"
EndProject
Project("{9A19103F-16F7-4668-BE54-9A1E7A4F7556}") = "ConsecutiveNumberSum_829", "ConsecutiveNumberSum_829\ConsecutiveNumberSum_829.csproj", "{E4CAEABE-144C-47EC-A9EF-6506D30934CC}"
EndProject
Project("{9A19103F-16F7-4668-BE54-9A1E7A4F7556}") = "LCAOfBinaryTree", "LCAOfBinaryTree\LCAOfBinaryTree.csproj", "{B280C0CD-A95F-4DE9-BD02-526FF6341985}"
EndProject
Project("{2150E333-8FDC-42A3-9474-1A3956D46DE8}") = "MergeIntervals", "MergeIntervals", "{5846B3D8-D798-4284-B931-A961D59A071C}"
EndProject
Project("{9A19103F-16F7-4668-BE54-9A1E7A4F7556}") = "FindIfIntervalsOverlap", "FindIfIntervalsOverlap\FindIfIntervalsOverlap.csproj", "{BF76B2F4-CD2A-446E-9868-5870A3D0F22B}"
EndProject
Project("{2150E333-8FDC-42A3-9474-1A3956D46DE8}") = "LeetCodeApril", "LeetCodeApril", "{4F41831B-BD42-44B9-85CF-3AC94A603C77}"
EndProject
Project("{9A19103F-16F7-4668-BE54-9A1E7A4F7556}") = "LargestUniqueNumber", "LargestUniqueNumber\LargestUniqueNumber.csproj", "{651CE8F1-E1F3-4DA0-B994-3B088743DA7B}"
EndProject
Project("{9A19103F-16F7-4668-BE54-9A1E7A4F7556}") = "PalidromeLinkedList", "PalidromeLinkedList\PalidromeLinkedList.csproj", "{4B4C335F-4CA5-4AC7-92A3-F8E15AE441FC}"
EndProject
Project("{2150E333-8FDC-42A3-9474-1A3956D46DE8}") = "LinkedList", "LinkedList", "{9A3FCCE5-0009-4416-95A5-41FA3241F610}"
EndProject
Project("{9A19103F-16F7-4668-BE54-9A1E7A4F7556}") = "ReverseLinkedLIst", "ReverseLinkedLIst\ReverseLinkedLIst.csproj", "{7EFB9292-3B3E-49B2-A1E5-BED234E21181}"
EndProject
Project("{9A19103F-16F7-4668-BE54-9A1E7A4F7556}") = "SubsetsOfString", "SubsetsOfString\SubsetsOfString.csproj", "{EDAF5ABF-B748-4EE7-85B9-36E9C8E76A89}"
EndProject
Project("{9A19103F-16F7-4668-BE54-9A1E7A4F7556}") = "SubsetOfArray", "SubsetOfArray\SubsetOfArray.csproj", "{726D7F2A-83D6-4E81-8199-5772E6C24251}"
EndProject
Project("{9A19103F-16F7-4668-BE54-9A1E7A4F7556}") = "PrintPossibleDiceRollsForNDice", "PrintPossibleDiceRollsForNDice\PrintPossibleDiceRollsForNDice.csproj", "{83873414-0B2F-47C8-878E-0AA45DCF2AE2}"
EndProject
Project("{2150E333-8FDC-42A3-9474-1A3956D46DE8}") = "DepthFirstSearch", "DepthFirstSearch", "{ED3278D7-1C25-45BC-9978-475F99FEA822}"
EndProject
Project("{9A19103F-16F7-4668-BE54-9A1E7A4F7556}") = "BinaryPathTreeSum", "BinaryPathTreeSum\BinaryPathTreeSum.csproj", "{D5B04AD3-481F-42B4-8F1A-A058C3237D5B}"
EndProject
Project("{9A19103F-16F7-4668-BE54-9A1E7A4F7556}") = "AllPathsForSum", "AllPathsForSum\AllPathsForSum.csproj", "{1114CC56-5077-4F3F-83DB-9764B0F4B838}"
EndProject
Project("{9A19103F-16F7-4668-BE54-9A1E7A4F7556}") = "ReturnAllRootToLeafPaths", "ReturnAllRootToLeafPaths\ReturnAllRootToLeafPaths.csproj", "{13FD01F6-C3BD-4BAA-BAB2-56F742C6F9F9}"
EndProject
Project("{9A19103F-16F7-4668-BE54-9A1E7A4F7556}") = "MaximumSumFromRootToLeaf", "MaximumSumFromRootToLeaf\MaximumSumFromRootToLeaf.csproj", "{5F744196-F02F-4141-8C9C-6827042DEF66}"
EndProject
Project("{9A19103F-16F7-4668-BE54-9A1E7A4F7556}") = "FindSumOfAllPathsWith_0_to_9", "FindSumOfAllPathsWith_0_to_9\FindSumOfAllPathsWith_0_to_9.csproj", "{6A5C08E4-1DE9-45BC-BDE6-968A4C90C939}"
EndProject
Project("{9A19103F-16F7-4668-BE54-9A1E7A4F7556}") = "SequenceExistInTreeFromRootToLeaf", "SequenceExistInTreeFromRootToLeaf\SequenceExistInTreeFromRootToLeaf.csproj", "{87157AB1-3F99-4D85-A53D-A8EEE30A8CD3}"
EndProject
Project("{9A19103F-16F7-4668-BE54-9A1E7A4F7556}") = "MergeInterval", "MergeInterval\MergeInterval.csproj", "{5B689BE1-9B2A-4B2B-9B85-CECC3680CE8E}"
EndProject
Project("{9A19103F-16F7-4668-BE54-9A1E7A4F7556}") = "InsertIntervalToSortedIntervalList", "InsertIntervalToSortedIntervalList\InsertIntervalToSortedIntervalList.csproj", "{D3A14BA1-7725-4C87-903F-86ECB55B801A}"
EndProject
Project("{9A19103F-16F7-4668-BE54-9A1E7A4F7556}") = "IntersectionIntervals", "IntersectionIntervals\IntersectionIntervals.csproj", "{0C57A11C-BF25-405B-ACF1-CE2642014317}"
EndProject
Project("{9A19103F-16F7-4668-BE54-9A1E7A4F7556}") = "ConflictingAppointments", "ConflictingAppointments\ConflictingAppointments.csproj", "{A72244E9-E66F-474C-8EE1-92B83207EBDF}"
EndProject
Project("{2150E333-8FDC-42A3-9474-1A3956D46DE8}") = "Heaps", "Heaps", "{46B79929-F4B9-4A02-BC4A-9147BBA3B649}"
EndProject
Project("{9A19103F-16F7-4668-BE54-9A1E7A4F7556}") = "MaxHeap", "MaxHeap\MaxHeap.csproj", "{CEBDFB7C-9A11-4D24-85F7-0C7628D1C0CC}"
EndProject
Project("{9A19103F-16F7-4668-BE54-9A1E7A4F7556}") = "TestHeap", "TestHeap\TestHeap.csproj", "{D5189A22-FD21-49C5-BD18-B02114CFAB8B}"
EndProject
Project("{9A19103F-16F7-4668-BE54-9A1E7A4F7556}") = "FindNSmallNumbers", "FindNSmallNumbers\FindNSmallNumbers.csproj", "{10361295-DDB8-4BF7-9D0A-BE05E60AD964}"
EndProject
Project("{9A19103F-16F7-4668-BE54-9A1E7A4F7556}") = "MedianOfStream", "MedianOfStream\MedianOfStream.csproj", "{7E2DB1B5-F6DC-43B3-89D6-64B965E87213}"
EndProject
Project("{9A19103F-16F7-4668-BE54-9A1E7A4F7556}") = "GetNthNodeInLinkedList", "GetNthNodeInLinkedList\GetNthNodeInLinkedList.csproj", "{AFD21D59-0BAF-48AA-AA5C-CC40F827DD56}"
EndProject
Project("{9A19103F-16F7-4668-BE54-9A1E7A4F7556}") = "MazePathExists", "MazePathExists\MazePathExists.csproj", "{C5E45B7B-BE0A-47A9-A5EF-03E556DFFAB0}"
EndProject
Project("{9A19103F-16F7-4668-BE54-9A1E7A4F7556}") = "WordBreakProblem", "WordBreakProblem\WordBreakProblem.csproj", "{7D75983A-21C4-4477-AE94-7091566D23BA}"
EndProject
Project("{2150E333-8FDC-42A3-9474-1A3956D46DE8}") = "Sort", "Sort", "{2451AFD9-833C-4CFF-82FF-71B2632B4B00}"
EndProject
Project("{9A19103F-16F7-4668-BE54-9A1E7A4F7556}") = "MergeSorting", "MergeSort\MergeSorting.csproj", "{707BB9B8-0468-4CE6-AEF6-8923831A56BE}"
EndProject
Project("{9A19103F-16F7-4668-BE54-9A1E7A4F7556}") = "TestSortImplementation", "TestSortImplementation\TestSortImplementation.csproj", "{5588C518-6718-4202-84F7-50BFE3AD8535}"
EndProject
Project("{2150E333-8FDC-42A3-9474-1A3956D46DE8}") = "AmazonQuestions", "AmazonQuestions", "{48F403AB-5808-42FA-BE7C-ED5D15770972}"
EndProject
Project("{9A19103F-16F7-4668-BE54-9A1E7A4F7556}") = "TestGraphImplentation", "TestGraphImplentation\TestGraphImplentation.csproj", "{A2DCDE02-70AA-4499-A18D-73B21DDD8A7B}"
EndProject
Project("{9A19103F-16F7-4668-BE54-9A1E7A4F7556}") = "AreTwoTreesIdentical", "AreTwoTreesIdentical\AreTwoTreesIdentical.csproj", "{378E2778-9693-4612-A0A1-25B9930AF685}"
EndProject
Project("{9A19103F-16F7-4668-BE54-9A1E7A4F7556}") = "FindMissingNumbers", "FindMissingNumbers\FindMissingNumbers.csproj", "{9709351B-6A8A-41E9-B424-006AAAA11409}"
EndProject
Project("{9A19103F-16F7-4668-BE54-9A1E7A4F7556}") = "451_SortCharactersByFrequency", "451_SortCharactersByFrequency\451_SortCharactersByFrequency.csproj", "{AE4FA542-5A5B-4B56-BE7A-3B51E9C7EEF0}"
EndProject
Project("{9A19103F-16F7-4668-BE54-9A1E7A4F7556}") = "50_POW_x_n", "50_POW_x_n\50_POW_x_n.csproj", "{A97A74CE-6E75-44BB-9B2B-DA4102FCC52C}"
EndProject
Project("{9A19103F-16F7-4668-BE54-9A1E7A4F7556}") = "20ValidParenthesis", "20ValidParenthesis\20ValidParenthesis.csproj", "{2B60063D-916F-4247-BFEA-2C60A7C257F8}"
EndProject
Project("{9A19103F-16F7-4668-BE54-9A1E7A4F7556}") = "104MaxDepthOfBinaryTree", "104MaxDepthOfBinaryTree\104MaxDepthOfBinaryTree.csproj", "{AA8138EB-0DF1-4277-864E-03B35479B1BF}"
EndProject
Project("{9A19103F-16F7-4668-BE54-9A1E7A4F7556}") = "572SubtreeOfAnotherTree", "572SubtreeOfAnotherTree\572SubtreeOfAnotherTree.csproj", "{C9AB32D2-EB5D-4CC0-9D31-9ECF6EDF6A95}"
EndProject
Project("{9A19103F-16F7-4668-BE54-9A1E7A4F7556}") = "BinaryTreeVerticalOrderTraversal_314", "BinaryTreeVerticalOrderTraversal_314\BinaryTreeVerticalOrderTraversal_314.csproj", "{6E07EBA1-A0E1-47BC-81C7-184FB61BAE89}"
EndProject
Project("{2150E333-8FDC-42A3-9474-1A3956D46DE8}") = "BinarySearchTrees", "BinarySearchTrees", "{670E095A-D82D-4A57-9188-03B7A65FD6AC}"
EndProject
Project("{9A19103F-16F7-4668-BE54-9A1E7A4F7556}") = "ValidateBinarySearchTree", "ValidateBinarySearchTree\ValidateBinarySearchTree.csproj", "{602B5BD1-2CE6-46AE-B22D-9C39F0AE2BF6}"
EndProject
Project("{9A19103F-16F7-4668-BE54-9A1E7A4F7556}") = "MajorityElements_169", "MajorityElements_169\MajorityElements_169.csproj", "{E96EBE31-D33B-4834-A655-29E90E4E164B}"
EndProject
Project("{9A19103F-16F7-4668-BE54-9A1E7A4F7556}") = "ProductOfArrayExceptSelf_238", "ProductOfArrayExceptSelf_238\ProductOfArrayExceptSelf_238.csproj", "{9FF28A68-4F9A-46FE-85B5-481F7A2A1C54}"
EndProject
Project("{9A19103F-16F7-4668-BE54-9A1E7A4F7556}") = "FirstOccureranceOfNumberInArray", "FirstOccureranceOfNumberInArray\FirstOccureranceOfNumberInArray.csproj", "{72FAF0EB-03AC-434F-948E-6F2AEFC25F52}"
EndProject
Project("{9A19103F-16F7-4668-BE54-9A1E7A4F7556}") = "CountNumberOfOccranceInArray", "CountNumberOfOccranceInArray\CountNumberOfOccranceInArray.csproj", "{41A741E0-49B3-4120-BD5A-40071F0D17BB}"
EndProject
Project("{9A19103F-16F7-4668-BE54-9A1E7A4F7556}") = "ReplaceNegativeWithZero", "ReplaceNegativeWithZeroes\ReplaceNegativeWithZero.csproj", "{B0C06055-AC0F-4260-A7B1-651CEB863BFD}"
EndProject
Project("{9A19103F-16F7-4668-BE54-9A1E7A4F7556}") = "MinimumDifficultyOfJobSchedule_1335", "MinimumDifficultyOfJobSchedule_1335\MinimumDifficultyOfJobSchedule_1335.csproj", "{A452FD3E-BB2F-4968-9660-588245893E91}"
EndProject
Project("{9A19103F-16F7-4668-BE54-9A1E7A4F7556}") = "RecusrionChalteFirte", "RecusrionChalteFirte\RecusrionChalteFirte.csproj", "{27677C57-30C1-4193-9DB4-3F33649CBE36}"
EndProject
Project("{FAE04EC0-301F-11D3-BF4B-00C04F79EFBC}") = "RopeCuttingProblem", "RopeCuttingProblem\RopeCuttingProblem.csproj", "{386FBDF1-CD53-4B8A-AE51-9DA32C8A4D81}"
EndProject
Project("{FAE04EC0-301F-11D3-BF4B-00C04F79EFBC}") = "TowerOfHanoi", "TowerOfHanoi\TowerOfHanoi.csproj", "{963AC160-BE48-493F-B58A-BDBFCFAA9885}"
EndProject
Project("{2150E333-8FDC-42A3-9474-1A3956D46DE8}") = "DynamicPrograming", "DynamicPrograming", "{1BA1369C-D8C1-410E-B7EB-7FC9E63B4B15}"
EndProject
Project("{FAE04EC0-301F-11D3-BF4B-00C04F79EFBC}") = "LongestCommonSubsequence", "LongestCommonSubsequence\LongestCommonSubsequence.csproj", "{8C9439DC-D3E9-4A07-8EBF-8558C30041B6}"
EndProject
Project("{FAE04EC0-301F-11D3-BF4B-00C04F79EFBC}") = "CoinChangingProblem", "CoinChangingProblem\CoinChangingProblem.csproj", "{1AF36198-999E-43B2-B698-ED6E9E46C5FF}"
EndProject
Global
	GlobalSection(SolutionConfigurationPlatforms) = preSolution
		Debug|Any CPU = Debug|Any CPU
		Release|Any CPU = Release|Any CPU
	EndGlobalSection
	GlobalSection(ProjectConfigurationPlatforms) = postSolution
		{A36698F4-3F69-4E81-8270-5B5174BB52FA}.Debug|Any CPU.ActiveCfg = Debug|Any CPU
		{A36698F4-3F69-4E81-8270-5B5174BB52FA}.Debug|Any CPU.Build.0 = Debug|Any CPU
		{A36698F4-3F69-4E81-8270-5B5174BB52FA}.Release|Any CPU.ActiveCfg = Release|Any CPU
		{A36698F4-3F69-4E81-8270-5B5174BB52FA}.Release|Any CPU.Build.0 = Release|Any CPU
		{2A14C81E-5B19-44C7-AFC6-04E69E10F5F2}.Debug|Any CPU.ActiveCfg = Debug|Any CPU
		{2A14C81E-5B19-44C7-AFC6-04E69E10F5F2}.Debug|Any CPU.Build.0 = Debug|Any CPU
		{2A14C81E-5B19-44C7-AFC6-04E69E10F5F2}.Release|Any CPU.ActiveCfg = Release|Any CPU
		{2A14C81E-5B19-44C7-AFC6-04E69E10F5F2}.Release|Any CPU.Build.0 = Release|Any CPU
		{B200CE23-C4E3-4734-9AC0-953B1EE7D2A8}.Debug|Any CPU.ActiveCfg = Debug|Any CPU
		{B200CE23-C4E3-4734-9AC0-953B1EE7D2A8}.Debug|Any CPU.Build.0 = Debug|Any CPU
		{B200CE23-C4E3-4734-9AC0-953B1EE7D2A8}.Release|Any CPU.ActiveCfg = Release|Any CPU
		{B200CE23-C4E3-4734-9AC0-953B1EE7D2A8}.Release|Any CPU.Build.0 = Release|Any CPU
		{C156CA5F-5F75-4D76-8EA8-E89D083DF6EC}.Debug|Any CPU.ActiveCfg = Debug|Any CPU
		{C156CA5F-5F75-4D76-8EA8-E89D083DF6EC}.Debug|Any CPU.Build.0 = Debug|Any CPU
		{C156CA5F-5F75-4D76-8EA8-E89D083DF6EC}.Release|Any CPU.ActiveCfg = Release|Any CPU
		{C156CA5F-5F75-4D76-8EA8-E89D083DF6EC}.Release|Any CPU.Build.0 = Release|Any CPU
		{69FB7781-B05A-40B9-89D7-4F1105A94AE6}.Debug|Any CPU.ActiveCfg = Debug|Any CPU
		{69FB7781-B05A-40B9-89D7-4F1105A94AE6}.Debug|Any CPU.Build.0 = Debug|Any CPU
		{69FB7781-B05A-40B9-89D7-4F1105A94AE6}.Release|Any CPU.ActiveCfg = Release|Any CPU
		{69FB7781-B05A-40B9-89D7-4F1105A94AE6}.Release|Any CPU.Build.0 = Release|Any CPU
		{3CDF8509-E61D-49AD-80F0-FB18A281A9D4}.Debug|Any CPU.ActiveCfg = Debug|Any CPU
		{3CDF8509-E61D-49AD-80F0-FB18A281A9D4}.Debug|Any CPU.Build.0 = Debug|Any CPU
		{3CDF8509-E61D-49AD-80F0-FB18A281A9D4}.Release|Any CPU.ActiveCfg = Release|Any CPU
		{3CDF8509-E61D-49AD-80F0-FB18A281A9D4}.Release|Any CPU.Build.0 = Release|Any CPU
		{9460BFCD-9A41-47D8-AA8F-F12FF7A20C31}.Debug|Any CPU.ActiveCfg = Debug|Any CPU
		{9460BFCD-9A41-47D8-AA8F-F12FF7A20C31}.Debug|Any CPU.Build.0 = Debug|Any CPU
		{9460BFCD-9A41-47D8-AA8F-F12FF7A20C31}.Release|Any CPU.ActiveCfg = Release|Any CPU
		{9460BFCD-9A41-47D8-AA8F-F12FF7A20C31}.Release|Any CPU.Build.0 = Release|Any CPU
		{23C144FF-ADBA-488A-BA12-D686A5D9E8F9}.Debug|Any CPU.ActiveCfg = Debug|Any CPU
		{23C144FF-ADBA-488A-BA12-D686A5D9E8F9}.Debug|Any CPU.Build.0 = Debug|Any CPU
		{23C144FF-ADBA-488A-BA12-D686A5D9E8F9}.Release|Any CPU.ActiveCfg = Release|Any CPU
		{23C144FF-ADBA-488A-BA12-D686A5D9E8F9}.Release|Any CPU.Build.0 = Release|Any CPU
		{0008572B-2F82-4310-B48D-C913A3D54DCE}.Debug|Any CPU.ActiveCfg = Debug|Any CPU
		{0008572B-2F82-4310-B48D-C913A3D54DCE}.Debug|Any CPU.Build.0 = Debug|Any CPU
		{0008572B-2F82-4310-B48D-C913A3D54DCE}.Release|Any CPU.ActiveCfg = Release|Any CPU
		{0008572B-2F82-4310-B48D-C913A3D54DCE}.Release|Any CPU.Build.0 = Release|Any CPU
		{C7314547-9E7C-4928-8704-E2DBA2546DBC}.Debug|Any CPU.ActiveCfg = Debug|Any CPU
		{C7314547-9E7C-4928-8704-E2DBA2546DBC}.Debug|Any CPU.Build.0 = Debug|Any CPU
		{C7314547-9E7C-4928-8704-E2DBA2546DBC}.Release|Any CPU.ActiveCfg = Release|Any CPU
		{C7314547-9E7C-4928-8704-E2DBA2546DBC}.Release|Any CPU.Build.0 = Release|Any CPU
		{F7D8F202-24FA-424D-B301-86024EBFC6BC}.Debug|Any CPU.ActiveCfg = Debug|Any CPU
		{F7D8F202-24FA-424D-B301-86024EBFC6BC}.Debug|Any CPU.Build.0 = Debug|Any CPU
		{F7D8F202-24FA-424D-B301-86024EBFC6BC}.Release|Any CPU.ActiveCfg = Release|Any CPU
		{F7D8F202-24FA-424D-B301-86024EBFC6BC}.Release|Any CPU.Build.0 = Release|Any CPU
		{4738C2AE-2398-4605-9788-337A7D9D8B26}.Debug|Any CPU.ActiveCfg = Debug|Any CPU
		{4738C2AE-2398-4605-9788-337A7D9D8B26}.Debug|Any CPU.Build.0 = Debug|Any CPU
		{4738C2AE-2398-4605-9788-337A7D9D8B26}.Release|Any CPU.ActiveCfg = Release|Any CPU
		{4738C2AE-2398-4605-9788-337A7D9D8B26}.Release|Any CPU.Build.0 = Release|Any CPU
		{57C4BC55-5BF4-4656-9A5C-7DA2A8C569B4}.Debug|Any CPU.ActiveCfg = Debug|Any CPU
		{57C4BC55-5BF4-4656-9A5C-7DA2A8C569B4}.Debug|Any CPU.Build.0 = Debug|Any CPU
		{57C4BC55-5BF4-4656-9A5C-7DA2A8C569B4}.Release|Any CPU.ActiveCfg = Release|Any CPU
		{57C4BC55-5BF4-4656-9A5C-7DA2A8C569B4}.Release|Any CPU.Build.0 = Release|Any CPU
		{2813AFB7-A890-4DDC-B132-A7D627C85D87}.Debug|Any CPU.ActiveCfg = Debug|Any CPU
		{2813AFB7-A890-4DDC-B132-A7D627C85D87}.Debug|Any CPU.Build.0 = Debug|Any CPU
		{2813AFB7-A890-4DDC-B132-A7D627C85D87}.Release|Any CPU.ActiveCfg = Release|Any CPU
		{2813AFB7-A890-4DDC-B132-A7D627C85D87}.Release|Any CPU.Build.0 = Release|Any CPU
		{CBDD0F07-A608-4A0C-BC10-CBD01E131D2F}.Debug|Any CPU.ActiveCfg = Debug|Any CPU
		{CBDD0F07-A608-4A0C-BC10-CBD01E131D2F}.Debug|Any CPU.Build.0 = Debug|Any CPU
		{CBDD0F07-A608-4A0C-BC10-CBD01E131D2F}.Release|Any CPU.ActiveCfg = Release|Any CPU
		{CBDD0F07-A608-4A0C-BC10-CBD01E131D2F}.Release|Any CPU.Build.0 = Release|Any CPU
		{F1ECEDF3-EFB1-4C33-86F6-7FE2098BF751}.Debug|Any CPU.ActiveCfg = Debug|Any CPU
		{F1ECEDF3-EFB1-4C33-86F6-7FE2098BF751}.Debug|Any CPU.Build.0 = Debug|Any CPU
		{F1ECEDF3-EFB1-4C33-86F6-7FE2098BF751}.Release|Any CPU.ActiveCfg = Release|Any CPU
		{F1ECEDF3-EFB1-4C33-86F6-7FE2098BF751}.Release|Any CPU.Build.0 = Release|Any CPU
		{30EB03D7-C229-4EB7-A6FB-B6A32E991D04}.Debug|Any CPU.ActiveCfg = Debug|Any CPU
		{30EB03D7-C229-4EB7-A6FB-B6A32E991D04}.Debug|Any CPU.Build.0 = Debug|Any CPU
		{30EB03D7-C229-4EB7-A6FB-B6A32E991D04}.Release|Any CPU.ActiveCfg = Release|Any CPU
		{30EB03D7-C229-4EB7-A6FB-B6A32E991D04}.Release|Any CPU.Build.0 = Release|Any CPU
		{CFC565A8-04FF-4F9E-BFA1-2B8AEA32B99F}.Debug|Any CPU.ActiveCfg = Debug|Any CPU
		{CFC565A8-04FF-4F9E-BFA1-2B8AEA32B99F}.Debug|Any CPU.Build.0 = Debug|Any CPU
		{CFC565A8-04FF-4F9E-BFA1-2B8AEA32B99F}.Release|Any CPU.ActiveCfg = Release|Any CPU
		{CFC565A8-04FF-4F9E-BFA1-2B8AEA32B99F}.Release|Any CPU.Build.0 = Release|Any CPU
		{02A4458F-BFAB-446E-BAE6-A3683D3C4ACF}.Debug|Any CPU.ActiveCfg = Debug|Any CPU
		{02A4458F-BFAB-446E-BAE6-A3683D3C4ACF}.Debug|Any CPU.Build.0 = Debug|Any CPU
		{02A4458F-BFAB-446E-BAE6-A3683D3C4ACF}.Release|Any CPU.ActiveCfg = Release|Any CPU
		{02A4458F-BFAB-446E-BAE6-A3683D3C4ACF}.Release|Any CPU.Build.0 = Release|Any CPU
		{EFD2ED8A-BA54-462A-B6BF-A3D19D1C9582}.Debug|Any CPU.ActiveCfg = Debug|Any CPU
		{EFD2ED8A-BA54-462A-B6BF-A3D19D1C9582}.Debug|Any CPU.Build.0 = Debug|Any CPU
		{EFD2ED8A-BA54-462A-B6BF-A3D19D1C9582}.Release|Any CPU.ActiveCfg = Release|Any CPU
		{EFD2ED8A-BA54-462A-B6BF-A3D19D1C9582}.Release|Any CPU.Build.0 = Release|Any CPU
		{80A426BF-9EB4-4556-872E-0538BDB2B9B0}.Debug|Any CPU.ActiveCfg = Debug|Any CPU
		{80A426BF-9EB4-4556-872E-0538BDB2B9B0}.Debug|Any CPU.Build.0 = Debug|Any CPU
		{80A426BF-9EB4-4556-872E-0538BDB2B9B0}.Release|Any CPU.ActiveCfg = Release|Any CPU
		{80A426BF-9EB4-4556-872E-0538BDB2B9B0}.Release|Any CPU.Build.0 = Release|Any CPU
		{EA8641DB-98F9-4694-9D62-5C097C138091}.Debug|Any CPU.ActiveCfg = Debug|Any CPU
		{EA8641DB-98F9-4694-9D62-5C097C138091}.Debug|Any CPU.Build.0 = Debug|Any CPU
		{EA8641DB-98F9-4694-9D62-5C097C138091}.Release|Any CPU.ActiveCfg = Release|Any CPU
		{EA8641DB-98F9-4694-9D62-5C097C138091}.Release|Any CPU.Build.0 = Release|Any CPU
		{322EBBE9-03F9-4A5F-B923-A06EA363233F}.Debug|Any CPU.ActiveCfg = Debug|Any CPU
		{322EBBE9-03F9-4A5F-B923-A06EA363233F}.Debug|Any CPU.Build.0 = Debug|Any CPU
		{322EBBE9-03F9-4A5F-B923-A06EA363233F}.Release|Any CPU.ActiveCfg = Release|Any CPU
		{322EBBE9-03F9-4A5F-B923-A06EA363233F}.Release|Any CPU.Build.0 = Release|Any CPU
		{6CAC5372-40F7-4A2E-95FD-31832365BDB1}.Debug|Any CPU.ActiveCfg = Debug|Any CPU
		{6CAC5372-40F7-4A2E-95FD-31832365BDB1}.Debug|Any CPU.Build.0 = Debug|Any CPU
		{6CAC5372-40F7-4A2E-95FD-31832365BDB1}.Release|Any CPU.ActiveCfg = Release|Any CPU
		{6CAC5372-40F7-4A2E-95FD-31832365BDB1}.Release|Any CPU.Build.0 = Release|Any CPU
		{73F60877-AF03-4AFF-9899-08C99EBF2416}.Debug|Any CPU.ActiveCfg = Debug|Any CPU
		{73F60877-AF03-4AFF-9899-08C99EBF2416}.Debug|Any CPU.Build.0 = Debug|Any CPU
		{73F60877-AF03-4AFF-9899-08C99EBF2416}.Release|Any CPU.ActiveCfg = Release|Any CPU
		{73F60877-AF03-4AFF-9899-08C99EBF2416}.Release|Any CPU.Build.0 = Release|Any CPU
		{3311DBAD-3F74-4593-B206-A22D5F5D6795}.Debug|Any CPU.ActiveCfg = Debug|Any CPU
		{3311DBAD-3F74-4593-B206-A22D5F5D6795}.Debug|Any CPU.Build.0 = Debug|Any CPU
		{3311DBAD-3F74-4593-B206-A22D5F5D6795}.Release|Any CPU.ActiveCfg = Release|Any CPU
		{3311DBAD-3F74-4593-B206-A22D5F5D6795}.Release|Any CPU.Build.0 = Release|Any CPU
		{BF02B117-A7C1-4BC9-BC84-BD1ED29FB6ED}.Debug|Any CPU.ActiveCfg = Debug|Any CPU
		{BF02B117-A7C1-4BC9-BC84-BD1ED29FB6ED}.Debug|Any CPU.Build.0 = Debug|Any CPU
		{BF02B117-A7C1-4BC9-BC84-BD1ED29FB6ED}.Release|Any CPU.ActiveCfg = Release|Any CPU
		{BF02B117-A7C1-4BC9-BC84-BD1ED29FB6ED}.Release|Any CPU.Build.0 = Release|Any CPU
		{0254B9DC-E518-44FC-A5F7-FCBE48F0E0C4}.Debug|Any CPU.ActiveCfg = Debug|Any CPU
		{0254B9DC-E518-44FC-A5F7-FCBE48F0E0C4}.Debug|Any CPU.Build.0 = Debug|Any CPU
		{0254B9DC-E518-44FC-A5F7-FCBE48F0E0C4}.Release|Any CPU.ActiveCfg = Release|Any CPU
		{0254B9DC-E518-44FC-A5F7-FCBE48F0E0C4}.Release|Any CPU.Build.0 = Release|Any CPU
		{D45A5F7F-0BC6-494B-A819-81E9257BBD12}.Debug|Any CPU.ActiveCfg = Debug|Any CPU
		{D45A5F7F-0BC6-494B-A819-81E9257BBD12}.Debug|Any CPU.Build.0 = Debug|Any CPU
		{D45A5F7F-0BC6-494B-A819-81E9257BBD12}.Release|Any CPU.ActiveCfg = Release|Any CPU
		{D45A5F7F-0BC6-494B-A819-81E9257BBD12}.Release|Any CPU.Build.0 = Release|Any CPU
		{91AC0E3E-0C52-4733-A09C-90B274F78420}.Debug|Any CPU.ActiveCfg = Debug|Any CPU
		{91AC0E3E-0C52-4733-A09C-90B274F78420}.Debug|Any CPU.Build.0 = Debug|Any CPU
		{91AC0E3E-0C52-4733-A09C-90B274F78420}.Release|Any CPU.ActiveCfg = Release|Any CPU
		{91AC0E3E-0C52-4733-A09C-90B274F78420}.Release|Any CPU.Build.0 = Release|Any CPU
		{E743424A-A7AA-4E36-800C-D503EC9B2DC6}.Debug|Any CPU.ActiveCfg = Debug|Any CPU
		{E743424A-A7AA-4E36-800C-D503EC9B2DC6}.Debug|Any CPU.Build.0 = Debug|Any CPU
		{E743424A-A7AA-4E36-800C-D503EC9B2DC6}.Release|Any CPU.ActiveCfg = Release|Any CPU
		{E743424A-A7AA-4E36-800C-D503EC9B2DC6}.Release|Any CPU.Build.0 = Release|Any CPU
		{1C565135-5354-4E75-BA96-709D1A7A9185}.Debug|Any CPU.ActiveCfg = Debug|Any CPU
		{1C565135-5354-4E75-BA96-709D1A7A9185}.Debug|Any CPU.Build.0 = Debug|Any CPU
		{1C565135-5354-4E75-BA96-709D1A7A9185}.Release|Any CPU.ActiveCfg = Release|Any CPU
		{1C565135-5354-4E75-BA96-709D1A7A9185}.Release|Any CPU.Build.0 = Release|Any CPU
		{27C92246-6A5A-44DC-8E6F-101E93626A3A}.Debug|Any CPU.ActiveCfg = Debug|Any CPU
		{27C92246-6A5A-44DC-8E6F-101E93626A3A}.Debug|Any CPU.Build.0 = Debug|Any CPU
		{27C92246-6A5A-44DC-8E6F-101E93626A3A}.Release|Any CPU.ActiveCfg = Release|Any CPU
		{27C92246-6A5A-44DC-8E6F-101E93626A3A}.Release|Any CPU.Build.0 = Release|Any CPU
		{E4CAEABE-144C-47EC-A9EF-6506D30934CC}.Debug|Any CPU.ActiveCfg = Debug|Any CPU
		{E4CAEABE-144C-47EC-A9EF-6506D30934CC}.Debug|Any CPU.Build.0 = Debug|Any CPU
		{E4CAEABE-144C-47EC-A9EF-6506D30934CC}.Release|Any CPU.ActiveCfg = Release|Any CPU
		{E4CAEABE-144C-47EC-A9EF-6506D30934CC}.Release|Any CPU.Build.0 = Release|Any CPU
		{B280C0CD-A95F-4DE9-BD02-526FF6341985}.Debug|Any CPU.ActiveCfg = Debug|Any CPU
		{B280C0CD-A95F-4DE9-BD02-526FF6341985}.Debug|Any CPU.Build.0 = Debug|Any CPU
		{B280C0CD-A95F-4DE9-BD02-526FF6341985}.Release|Any CPU.ActiveCfg = Release|Any CPU
		{B280C0CD-A95F-4DE9-BD02-526FF6341985}.Release|Any CPU.Build.0 = Release|Any CPU
		{BF76B2F4-CD2A-446E-9868-5870A3D0F22B}.Debug|Any CPU.ActiveCfg = Debug|Any CPU
		{BF76B2F4-CD2A-446E-9868-5870A3D0F22B}.Debug|Any CPU.Build.0 = Debug|Any CPU
		{BF76B2F4-CD2A-446E-9868-5870A3D0F22B}.Release|Any CPU.ActiveCfg = Release|Any CPU
		{BF76B2F4-CD2A-446E-9868-5870A3D0F22B}.Release|Any CPU.Build.0 = Release|Any CPU
		{651CE8F1-E1F3-4DA0-B994-3B088743DA7B}.Debug|Any CPU.ActiveCfg = Debug|Any CPU
		{651CE8F1-E1F3-4DA0-B994-3B088743DA7B}.Debug|Any CPU.Build.0 = Debug|Any CPU
		{651CE8F1-E1F3-4DA0-B994-3B088743DA7B}.Release|Any CPU.ActiveCfg = Release|Any CPU
		{651CE8F1-E1F3-4DA0-B994-3B088743DA7B}.Release|Any CPU.Build.0 = Release|Any CPU
		{4B4C335F-4CA5-4AC7-92A3-F8E15AE441FC}.Debug|Any CPU.ActiveCfg = Debug|Any CPU
		{4B4C335F-4CA5-4AC7-92A3-F8E15AE441FC}.Debug|Any CPU.Build.0 = Debug|Any CPU
		{4B4C335F-4CA5-4AC7-92A3-F8E15AE441FC}.Release|Any CPU.ActiveCfg = Release|Any CPU
		{4B4C335F-4CA5-4AC7-92A3-F8E15AE441FC}.Release|Any CPU.Build.0 = Release|Any CPU
		{7EFB9292-3B3E-49B2-A1E5-BED234E21181}.Debug|Any CPU.ActiveCfg = Debug|Any CPU
		{7EFB9292-3B3E-49B2-A1E5-BED234E21181}.Debug|Any CPU.Build.0 = Debug|Any CPU
		{7EFB9292-3B3E-49B2-A1E5-BED234E21181}.Release|Any CPU.ActiveCfg = Release|Any CPU
		{7EFB9292-3B3E-49B2-A1E5-BED234E21181}.Release|Any CPU.Build.0 = Release|Any CPU
		{EDAF5ABF-B748-4EE7-85B9-36E9C8E76A89}.Debug|Any CPU.ActiveCfg = Debug|Any CPU
		{EDAF5ABF-B748-4EE7-85B9-36E9C8E76A89}.Debug|Any CPU.Build.0 = Debug|Any CPU
		{EDAF5ABF-B748-4EE7-85B9-36E9C8E76A89}.Release|Any CPU.ActiveCfg = Release|Any CPU
		{EDAF5ABF-B748-4EE7-85B9-36E9C8E76A89}.Release|Any CPU.Build.0 = Release|Any CPU
		{726D7F2A-83D6-4E81-8199-5772E6C24251}.Debug|Any CPU.ActiveCfg = Debug|Any CPU
		{726D7F2A-83D6-4E81-8199-5772E6C24251}.Debug|Any CPU.Build.0 = Debug|Any CPU
		{726D7F2A-83D6-4E81-8199-5772E6C24251}.Release|Any CPU.ActiveCfg = Release|Any CPU
		{726D7F2A-83D6-4E81-8199-5772E6C24251}.Release|Any CPU.Build.0 = Release|Any CPU
		{83873414-0B2F-47C8-878E-0AA45DCF2AE2}.Debug|Any CPU.ActiveCfg = Debug|Any CPU
		{83873414-0B2F-47C8-878E-0AA45DCF2AE2}.Debug|Any CPU.Build.0 = Debug|Any CPU
		{83873414-0B2F-47C8-878E-0AA45DCF2AE2}.Release|Any CPU.ActiveCfg = Release|Any CPU
		{83873414-0B2F-47C8-878E-0AA45DCF2AE2}.Release|Any CPU.Build.0 = Release|Any CPU
		{D5B04AD3-481F-42B4-8F1A-A058C3237D5B}.Debug|Any CPU.ActiveCfg = Debug|Any CPU
		{D5B04AD3-481F-42B4-8F1A-A058C3237D5B}.Debug|Any CPU.Build.0 = Debug|Any CPU
		{D5B04AD3-481F-42B4-8F1A-A058C3237D5B}.Release|Any CPU.ActiveCfg = Release|Any CPU
		{D5B04AD3-481F-42B4-8F1A-A058C3237D5B}.Release|Any CPU.Build.0 = Release|Any CPU
		{1114CC56-5077-4F3F-83DB-9764B0F4B838}.Debug|Any CPU.ActiveCfg = Debug|Any CPU
		{1114CC56-5077-4F3F-83DB-9764B0F4B838}.Debug|Any CPU.Build.0 = Debug|Any CPU
		{1114CC56-5077-4F3F-83DB-9764B0F4B838}.Release|Any CPU.ActiveCfg = Release|Any CPU
		{1114CC56-5077-4F3F-83DB-9764B0F4B838}.Release|Any CPU.Build.0 = Release|Any CPU
		{13FD01F6-C3BD-4BAA-BAB2-56F742C6F9F9}.Debug|Any CPU.ActiveCfg = Debug|Any CPU
		{13FD01F6-C3BD-4BAA-BAB2-56F742C6F9F9}.Debug|Any CPU.Build.0 = Debug|Any CPU
		{13FD01F6-C3BD-4BAA-BAB2-56F742C6F9F9}.Release|Any CPU.ActiveCfg = Release|Any CPU
		{13FD01F6-C3BD-4BAA-BAB2-56F742C6F9F9}.Release|Any CPU.Build.0 = Release|Any CPU
		{5F744196-F02F-4141-8C9C-6827042DEF66}.Debug|Any CPU.ActiveCfg = Debug|Any CPU
		{5F744196-F02F-4141-8C9C-6827042DEF66}.Debug|Any CPU.Build.0 = Debug|Any CPU
		{5F744196-F02F-4141-8C9C-6827042DEF66}.Release|Any CPU.ActiveCfg = Release|Any CPU
		{5F744196-F02F-4141-8C9C-6827042DEF66}.Release|Any CPU.Build.0 = Release|Any CPU
		{6A5C08E4-1DE9-45BC-BDE6-968A4C90C939}.Debug|Any CPU.ActiveCfg = Debug|Any CPU
		{6A5C08E4-1DE9-45BC-BDE6-968A4C90C939}.Debug|Any CPU.Build.0 = Debug|Any CPU
		{6A5C08E4-1DE9-45BC-BDE6-968A4C90C939}.Release|Any CPU.ActiveCfg = Release|Any CPU
		{6A5C08E4-1DE9-45BC-BDE6-968A4C90C939}.Release|Any CPU.Build.0 = Release|Any CPU
		{87157AB1-3F99-4D85-A53D-A8EEE30A8CD3}.Debug|Any CPU.ActiveCfg = Debug|Any CPU
		{87157AB1-3F99-4D85-A53D-A8EEE30A8CD3}.Debug|Any CPU.Build.0 = Debug|Any CPU
		{87157AB1-3F99-4D85-A53D-A8EEE30A8CD3}.Release|Any CPU.ActiveCfg = Release|Any CPU
		{87157AB1-3F99-4D85-A53D-A8EEE30A8CD3}.Release|Any CPU.Build.0 = Release|Any CPU
		{5B689BE1-9B2A-4B2B-9B85-CECC3680CE8E}.Debug|Any CPU.ActiveCfg = Debug|Any CPU
		{5B689BE1-9B2A-4B2B-9B85-CECC3680CE8E}.Debug|Any CPU.Build.0 = Debug|Any CPU
		{5B689BE1-9B2A-4B2B-9B85-CECC3680CE8E}.Release|Any CPU.ActiveCfg = Release|Any CPU
		{5B689BE1-9B2A-4B2B-9B85-CECC3680CE8E}.Release|Any CPU.Build.0 = Release|Any CPU
		{D3A14BA1-7725-4C87-903F-86ECB55B801A}.Debug|Any CPU.ActiveCfg = Debug|Any CPU
		{D3A14BA1-7725-4C87-903F-86ECB55B801A}.Debug|Any CPU.Build.0 = Debug|Any CPU
		{D3A14BA1-7725-4C87-903F-86ECB55B801A}.Release|Any CPU.ActiveCfg = Release|Any CPU
		{D3A14BA1-7725-4C87-903F-86ECB55B801A}.Release|Any CPU.Build.0 = Release|Any CPU
		{0C57A11C-BF25-405B-ACF1-CE2642014317}.Debug|Any CPU.ActiveCfg = Debug|Any CPU
		{0C57A11C-BF25-405B-ACF1-CE2642014317}.Debug|Any CPU.Build.0 = Debug|Any CPU
		{0C57A11C-BF25-405B-ACF1-CE2642014317}.Release|Any CPU.ActiveCfg = Release|Any CPU
		{0C57A11C-BF25-405B-ACF1-CE2642014317}.Release|Any CPU.Build.0 = Release|Any CPU
		{A72244E9-E66F-474C-8EE1-92B83207EBDF}.Debug|Any CPU.ActiveCfg = Debug|Any CPU
		{A72244E9-E66F-474C-8EE1-92B83207EBDF}.Debug|Any CPU.Build.0 = Debug|Any CPU
		{A72244E9-E66F-474C-8EE1-92B83207EBDF}.Release|Any CPU.ActiveCfg = Release|Any CPU
		{A72244E9-E66F-474C-8EE1-92B83207EBDF}.Release|Any CPU.Build.0 = Release|Any CPU
		{CEBDFB7C-9A11-4D24-85F7-0C7628D1C0CC}.Debug|Any CPU.ActiveCfg = Debug|Any CPU
		{CEBDFB7C-9A11-4D24-85F7-0C7628D1C0CC}.Debug|Any CPU.Build.0 = Debug|Any CPU
		{CEBDFB7C-9A11-4D24-85F7-0C7628D1C0CC}.Release|Any CPU.ActiveCfg = Release|Any CPU
		{CEBDFB7C-9A11-4D24-85F7-0C7628D1C0CC}.Release|Any CPU.Build.0 = Release|Any CPU
		{D5189A22-FD21-49C5-BD18-B02114CFAB8B}.Debug|Any CPU.ActiveCfg = Debug|Any CPU
		{D5189A22-FD21-49C5-BD18-B02114CFAB8B}.Debug|Any CPU.Build.0 = Debug|Any CPU
		{D5189A22-FD21-49C5-BD18-B02114CFAB8B}.Release|Any CPU.ActiveCfg = Release|Any CPU
		{D5189A22-FD21-49C5-BD18-B02114CFAB8B}.Release|Any CPU.Build.0 = Release|Any CPU
		{10361295-DDB8-4BF7-9D0A-BE05E60AD964}.Debug|Any CPU.ActiveCfg = Debug|Any CPU
		{10361295-DDB8-4BF7-9D0A-BE05E60AD964}.Debug|Any CPU.Build.0 = Debug|Any CPU
		{10361295-DDB8-4BF7-9D0A-BE05E60AD964}.Release|Any CPU.ActiveCfg = Release|Any CPU
		{10361295-DDB8-4BF7-9D0A-BE05E60AD964}.Release|Any CPU.Build.0 = Release|Any CPU
		{7E2DB1B5-F6DC-43B3-89D6-64B965E87213}.Debug|Any CPU.ActiveCfg = Debug|Any CPU
		{7E2DB1B5-F6DC-43B3-89D6-64B965E87213}.Debug|Any CPU.Build.0 = Debug|Any CPU
		{7E2DB1B5-F6DC-43B3-89D6-64B965E87213}.Release|Any CPU.ActiveCfg = Release|Any CPU
		{7E2DB1B5-F6DC-43B3-89D6-64B965E87213}.Release|Any CPU.Build.0 = Release|Any CPU
		{AFD21D59-0BAF-48AA-AA5C-CC40F827DD56}.Debug|Any CPU.ActiveCfg = Debug|Any CPU
		{AFD21D59-0BAF-48AA-AA5C-CC40F827DD56}.Debug|Any CPU.Build.0 = Debug|Any CPU
		{AFD21D59-0BAF-48AA-AA5C-CC40F827DD56}.Release|Any CPU.ActiveCfg = Release|Any CPU
		{AFD21D59-0BAF-48AA-AA5C-CC40F827DD56}.Release|Any CPU.Build.0 = Release|Any CPU
		{C5E45B7B-BE0A-47A9-A5EF-03E556DFFAB0}.Debug|Any CPU.ActiveCfg = Debug|Any CPU
		{C5E45B7B-BE0A-47A9-A5EF-03E556DFFAB0}.Debug|Any CPU.Build.0 = Debug|Any CPU
		{C5E45B7B-BE0A-47A9-A5EF-03E556DFFAB0}.Release|Any CPU.ActiveCfg = Release|Any CPU
		{C5E45B7B-BE0A-47A9-A5EF-03E556DFFAB0}.Release|Any CPU.Build.0 = Release|Any CPU
		{7D75983A-21C4-4477-AE94-7091566D23BA}.Debug|Any CPU.ActiveCfg = Debug|Any CPU
		{7D75983A-21C4-4477-AE94-7091566D23BA}.Debug|Any CPU.Build.0 = Debug|Any CPU
		{7D75983A-21C4-4477-AE94-7091566D23BA}.Release|Any CPU.ActiveCfg = Release|Any CPU
		{7D75983A-21C4-4477-AE94-7091566D23BA}.Release|Any CPU.Build.0 = Release|Any CPU
		{707BB9B8-0468-4CE6-AEF6-8923831A56BE}.Debug|Any CPU.ActiveCfg = Debug|Any CPU
		{707BB9B8-0468-4CE6-AEF6-8923831A56BE}.Debug|Any CPU.Build.0 = Debug|Any CPU
		{707BB9B8-0468-4CE6-AEF6-8923831A56BE}.Release|Any CPU.ActiveCfg = Release|Any CPU
		{707BB9B8-0468-4CE6-AEF6-8923831A56BE}.Release|Any CPU.Build.0 = Release|Any CPU
		{5588C518-6718-4202-84F7-50BFE3AD8535}.Debug|Any CPU.ActiveCfg = Debug|Any CPU
		{5588C518-6718-4202-84F7-50BFE3AD8535}.Debug|Any CPU.Build.0 = Debug|Any CPU
		{5588C518-6718-4202-84F7-50BFE3AD8535}.Release|Any CPU.ActiveCfg = Release|Any CPU
		{5588C518-6718-4202-84F7-50BFE3AD8535}.Release|Any CPU.Build.0 = Release|Any CPU
		{A2DCDE02-70AA-4499-A18D-73B21DDD8A7B}.Debug|Any CPU.ActiveCfg = Debug|Any CPU
		{A2DCDE02-70AA-4499-A18D-73B21DDD8A7B}.Debug|Any CPU.Build.0 = Debug|Any CPU
		{A2DCDE02-70AA-4499-A18D-73B21DDD8A7B}.Release|Any CPU.ActiveCfg = Release|Any CPU
		{A2DCDE02-70AA-4499-A18D-73B21DDD8A7B}.Release|Any CPU.Build.0 = Release|Any CPU
		{378E2778-9693-4612-A0A1-25B9930AF685}.Debug|Any CPU.ActiveCfg = Debug|Any CPU
		{378E2778-9693-4612-A0A1-25B9930AF685}.Debug|Any CPU.Build.0 = Debug|Any CPU
		{378E2778-9693-4612-A0A1-25B9930AF685}.Release|Any CPU.ActiveCfg = Release|Any CPU
		{378E2778-9693-4612-A0A1-25B9930AF685}.Release|Any CPU.Build.0 = Release|Any CPU
		{9709351B-6A8A-41E9-B424-006AAAA11409}.Debug|Any CPU.ActiveCfg = Debug|Any CPU
		{9709351B-6A8A-41E9-B424-006AAAA11409}.Debug|Any CPU.Build.0 = Debug|Any CPU
		{9709351B-6A8A-41E9-B424-006AAAA11409}.Release|Any CPU.ActiveCfg = Release|Any CPU
		{9709351B-6A8A-41E9-B424-006AAAA11409}.Release|Any CPU.Build.0 = Release|Any CPU
		{AE4FA542-5A5B-4B56-BE7A-3B51E9C7EEF0}.Debug|Any CPU.ActiveCfg = Debug|Any CPU
		{AE4FA542-5A5B-4B56-BE7A-3B51E9C7EEF0}.Debug|Any CPU.Build.0 = Debug|Any CPU
		{AE4FA542-5A5B-4B56-BE7A-3B51E9C7EEF0}.Release|Any CPU.ActiveCfg = Release|Any CPU
		{AE4FA542-5A5B-4B56-BE7A-3B51E9C7EEF0}.Release|Any CPU.Build.0 = Release|Any CPU
		{A97A74CE-6E75-44BB-9B2B-DA4102FCC52C}.Debug|Any CPU.ActiveCfg = Debug|Any CPU
		{A97A74CE-6E75-44BB-9B2B-DA4102FCC52C}.Debug|Any CPU.Build.0 = Debug|Any CPU
		{A97A74CE-6E75-44BB-9B2B-DA4102FCC52C}.Release|Any CPU.ActiveCfg = Release|Any CPU
		{A97A74CE-6E75-44BB-9B2B-DA4102FCC52C}.Release|Any CPU.Build.0 = Release|Any CPU
		{2B60063D-916F-4247-BFEA-2C60A7C257F8}.Debug|Any CPU.ActiveCfg = Debug|Any CPU
		{2B60063D-916F-4247-BFEA-2C60A7C257F8}.Debug|Any CPU.Build.0 = Debug|Any CPU
		{2B60063D-916F-4247-BFEA-2C60A7C257F8}.Release|Any CPU.ActiveCfg = Release|Any CPU
		{2B60063D-916F-4247-BFEA-2C60A7C257F8}.Release|Any CPU.Build.0 = Release|Any CPU
		{AA8138EB-0DF1-4277-864E-03B35479B1BF}.Debug|Any CPU.ActiveCfg = Debug|Any CPU
		{AA8138EB-0DF1-4277-864E-03B35479B1BF}.Debug|Any CPU.Build.0 = Debug|Any CPU
		{AA8138EB-0DF1-4277-864E-03B35479B1BF}.Release|Any CPU.ActiveCfg = Release|Any CPU
		{AA8138EB-0DF1-4277-864E-03B35479B1BF}.Release|Any CPU.Build.0 = Release|Any CPU
		{C9AB32D2-EB5D-4CC0-9D31-9ECF6EDF6A95}.Debug|Any CPU.ActiveCfg = Debug|Any CPU
		{C9AB32D2-EB5D-4CC0-9D31-9ECF6EDF6A95}.Debug|Any CPU.Build.0 = Debug|Any CPU
		{C9AB32D2-EB5D-4CC0-9D31-9ECF6EDF6A95}.Release|Any CPU.ActiveCfg = Release|Any CPU
		{C9AB32D2-EB5D-4CC0-9D31-9ECF6EDF6A95}.Release|Any CPU.Build.0 = Release|Any CPU
		{6E07EBA1-A0E1-47BC-81C7-184FB61BAE89}.Debug|Any CPU.ActiveCfg = Debug|Any CPU
		{6E07EBA1-A0E1-47BC-81C7-184FB61BAE89}.Debug|Any CPU.Build.0 = Debug|Any CPU
		{6E07EBA1-A0E1-47BC-81C7-184FB61BAE89}.Release|Any CPU.ActiveCfg = Release|Any CPU
		{6E07EBA1-A0E1-47BC-81C7-184FB61BAE89}.Release|Any CPU.Build.0 = Release|Any CPU
		{602B5BD1-2CE6-46AE-B22D-9C39F0AE2BF6}.Debug|Any CPU.ActiveCfg = Debug|Any CPU
		{602B5BD1-2CE6-46AE-B22D-9C39F0AE2BF6}.Debug|Any CPU.Build.0 = Debug|Any CPU
		{602B5BD1-2CE6-46AE-B22D-9C39F0AE2BF6}.Release|Any CPU.ActiveCfg = Release|Any CPU
		{602B5BD1-2CE6-46AE-B22D-9C39F0AE2BF6}.Release|Any CPU.Build.0 = Release|Any CPU
		{E96EBE31-D33B-4834-A655-29E90E4E164B}.Debug|Any CPU.ActiveCfg = Debug|Any CPU
		{E96EBE31-D33B-4834-A655-29E90E4E164B}.Debug|Any CPU.Build.0 = Debug|Any CPU
		{E96EBE31-D33B-4834-A655-29E90E4E164B}.Release|Any CPU.ActiveCfg = Release|Any CPU
		{E96EBE31-D33B-4834-A655-29E90E4E164B}.Release|Any CPU.Build.0 = Release|Any CPU
		{9FF28A68-4F9A-46FE-85B5-481F7A2A1C54}.Debug|Any CPU.ActiveCfg = Debug|Any CPU
		{9FF28A68-4F9A-46FE-85B5-481F7A2A1C54}.Debug|Any CPU.Build.0 = Debug|Any CPU
		{9FF28A68-4F9A-46FE-85B5-481F7A2A1C54}.Release|Any CPU.ActiveCfg = Release|Any CPU
		{9FF28A68-4F9A-46FE-85B5-481F7A2A1C54}.Release|Any CPU.Build.0 = Release|Any CPU
		{72FAF0EB-03AC-434F-948E-6F2AEFC25F52}.Debug|Any CPU.ActiveCfg = Debug|Any CPU
		{72FAF0EB-03AC-434F-948E-6F2AEFC25F52}.Debug|Any CPU.Build.0 = Debug|Any CPU
		{72FAF0EB-03AC-434F-948E-6F2AEFC25F52}.Release|Any CPU.ActiveCfg = Release|Any CPU
		{72FAF0EB-03AC-434F-948E-6F2AEFC25F52}.Release|Any CPU.Build.0 = Release|Any CPU
		{41A741E0-49B3-4120-BD5A-40071F0D17BB}.Debug|Any CPU.ActiveCfg = Debug|Any CPU
		{41A741E0-49B3-4120-BD5A-40071F0D17BB}.Debug|Any CPU.Build.0 = Debug|Any CPU
		{41A741E0-49B3-4120-BD5A-40071F0D17BB}.Release|Any CPU.ActiveCfg = Release|Any CPU
		{41A741E0-49B3-4120-BD5A-40071F0D17BB}.Release|Any CPU.Build.0 = Release|Any CPU
		{B0C06055-AC0F-4260-A7B1-651CEB863BFD}.Debug|Any CPU.ActiveCfg = Debug|Any CPU
		{B0C06055-AC0F-4260-A7B1-651CEB863BFD}.Debug|Any CPU.Build.0 = Debug|Any CPU
		{B0C06055-AC0F-4260-A7B1-651CEB863BFD}.Release|Any CPU.ActiveCfg = Release|Any CPU
		{B0C06055-AC0F-4260-A7B1-651CEB863BFD}.Release|Any CPU.Build.0 = Release|Any CPU
		{A452FD3E-BB2F-4968-9660-588245893E91}.Debug|Any CPU.ActiveCfg = Debug|Any CPU
		{A452FD3E-BB2F-4968-9660-588245893E91}.Debug|Any CPU.Build.0 = Debug|Any CPU
		{A452FD3E-BB2F-4968-9660-588245893E91}.Release|Any CPU.ActiveCfg = Release|Any CPU
		{A452FD3E-BB2F-4968-9660-588245893E91}.Release|Any CPU.Build.0 = Release|Any CPU
		{27677C57-30C1-4193-9DB4-3F33649CBE36}.Debug|Any CPU.ActiveCfg = Debug|Any CPU
		{27677C57-30C1-4193-9DB4-3F33649CBE36}.Debug|Any CPU.Build.0 = Debug|Any CPU
		{27677C57-30C1-4193-9DB4-3F33649CBE36}.Release|Any CPU.ActiveCfg = Release|Any CPU
		{27677C57-30C1-4193-9DB4-3F33649CBE36}.Release|Any CPU.Build.0 = Release|Any CPU
		{386FBDF1-CD53-4B8A-AE51-9DA32C8A4D81}.Debug|Any CPU.ActiveCfg = Debug|Any CPU
		{386FBDF1-CD53-4B8A-AE51-9DA32C8A4D81}.Debug|Any CPU.Build.0 = Debug|Any CPU
		{386FBDF1-CD53-4B8A-AE51-9DA32C8A4D81}.Release|Any CPU.ActiveCfg = Release|Any CPU
		{386FBDF1-CD53-4B8A-AE51-9DA32C8A4D81}.Release|Any CPU.Build.0 = Release|Any CPU
		{963AC160-BE48-493F-B58A-BDBFCFAA9885}.Debug|Any CPU.ActiveCfg = Debug|Any CPU
		{963AC160-BE48-493F-B58A-BDBFCFAA9885}.Debug|Any CPU.Build.0 = Debug|Any CPU
		{963AC160-BE48-493F-B58A-BDBFCFAA9885}.Release|Any CPU.ActiveCfg = Release|Any CPU
		{963AC160-BE48-493F-B58A-BDBFCFAA9885}.Release|Any CPU.Build.0 = Release|Any CPU
		{8C9439DC-D3E9-4A07-8EBF-8558C30041B6}.Debug|Any CPU.ActiveCfg = Debug|Any CPU
		{8C9439DC-D3E9-4A07-8EBF-8558C30041B6}.Debug|Any CPU.Build.0 = Debug|Any CPU
		{8C9439DC-D3E9-4A07-8EBF-8558C30041B6}.Release|Any CPU.ActiveCfg = Release|Any CPU
		{8C9439DC-D3E9-4A07-8EBF-8558C30041B6}.Release|Any CPU.Build.0 = Release|Any CPU
		{1AF36198-999E-43B2-B698-ED6E9E46C5FF}.Debug|Any CPU.ActiveCfg = Debug|Any CPU
		{1AF36198-999E-43B2-B698-ED6E9E46C5FF}.Debug|Any CPU.Build.0 = Debug|Any CPU
		{1AF36198-999E-43B2-B698-ED6E9E46C5FF}.Release|Any CPU.ActiveCfg = Release|Any CPU
		{1AF36198-999E-43B2-B698-ED6E9E46C5FF}.Release|Any CPU.Build.0 = Release|Any CPU
	EndGlobalSection
	GlobalSection(SolutionProperties) = preSolution
		HideSolutionNode = FALSE
	EndGlobalSection
	GlobalSection(NestedProjects) = preSolution
		{A36698F4-3F69-4E81-8270-5B5174BB52FA} = {D14A7553-23D1-4C36-961F-3BEF465800ED}
		{2A14C81E-5B19-44C7-AFC6-04E69E10F5F2} = {D14A7553-23D1-4C36-961F-3BEF465800ED}
		{B200CE23-C4E3-4734-9AC0-953B1EE7D2A8} = {D14A7553-23D1-4C36-961F-3BEF465800ED}
		{C156CA5F-5F75-4D76-8EA8-E89D083DF6EC} = {AB1A3FD5-EF84-4667-8BEE-BE4E50D5C2E3}
		{69FB7781-B05A-40B9-89D7-4F1105A94AE6} = {D14A7553-23D1-4C36-961F-3BEF465800ED}
		{3CDF8509-E61D-49AD-80F0-FB18A281A9D4} = {D14A7553-23D1-4C36-961F-3BEF465800ED}
		{9460BFCD-9A41-47D8-AA8F-F12FF7A20C31} = {D14A7553-23D1-4C36-961F-3BEF465800ED}
		{23C144FF-ADBA-488A-BA12-D686A5D9E8F9} = {D14A7553-23D1-4C36-961F-3BEF465800ED}
		{0008572B-2F82-4310-B48D-C913A3D54DCE} = {D14A7553-23D1-4C36-961F-3BEF465800ED}
		{C7314547-9E7C-4928-8704-E2DBA2546DBC} = {D14A7553-23D1-4C36-961F-3BEF465800ED}
		{F7D8F202-24FA-424D-B301-86024EBFC6BC} = {D14A7553-23D1-4C36-961F-3BEF465800ED}
		{4738C2AE-2398-4605-9788-337A7D9D8B26} = {D14A7553-23D1-4C36-961F-3BEF465800ED}
		{57C4BC55-5BF4-4656-9A5C-7DA2A8C569B4} = {947A9DD2-C3E4-4FDB-B17C-C68B77C68363}
		{2813AFB7-A890-4DDC-B132-A7D627C85D87} = {947A9DD2-C3E4-4FDB-B17C-C68B77C68363}
		{CBDD0F07-A608-4A0C-BC10-CBD01E131D2F} = {947A9DD2-C3E4-4FDB-B17C-C68B77C68363}
		{F1ECEDF3-EFB1-4C33-86F6-7FE2098BF751} = {947A9DD2-C3E4-4FDB-B17C-C68B77C68363}
		{30EB03D7-C229-4EB7-A6FB-B6A32E991D04} = {947A9DD2-C3E4-4FDB-B17C-C68B77C68363}
		{CFC565A8-04FF-4F9E-BFA1-2B8AEA32B99F} = {947A9DD2-C3E4-4FDB-B17C-C68B77C68363}
		{02A4458F-BFAB-446E-BAE6-A3683D3C4ACF} = {947A9DD2-C3E4-4FDB-B17C-C68B77C68363}
		{EFD2ED8A-BA54-462A-B6BF-A3D19D1C9582} = {AB1A3FD5-EF84-4667-8BEE-BE4E50D5C2E3}
		{80A426BF-9EB4-4556-872E-0538BDB2B9B0} = {04DA40B4-5B34-4266-9347-C7ACBAAF347E}
		{EA8641DB-98F9-4694-9D62-5C097C138091} = {04DA40B4-5B34-4266-9347-C7ACBAAF347E}
		{322EBBE9-03F9-4A5F-B923-A06EA363233F} = {04DA40B4-5B34-4266-9347-C7ACBAAF347E}
		{6CAC5372-40F7-4A2E-95FD-31832365BDB1} = {04DA40B4-5B34-4266-9347-C7ACBAAF347E}
		{73F60877-AF03-4AFF-9899-08C99EBF2416} = {04DA40B4-5B34-4266-9347-C7ACBAAF347E}
		{3311DBAD-3F74-4593-B206-A22D5F5D6795} = {947A9DD2-C3E4-4FDB-B17C-C68B77C68363}
		{BF02B117-A7C1-4BC9-BC84-BD1ED29FB6ED} = {04DA40B4-5B34-4266-9347-C7ACBAAF347E}
		{0254B9DC-E518-44FC-A5F7-FCBE48F0E0C4} = {05D1AFD4-2DB5-4B5C-99A9-D5BAEF059B1E}
		{D45A5F7F-0BC6-494B-A819-81E9257BBD12} = {947A9DD2-C3E4-4FDB-B17C-C68B77C68363}
		{91AC0E3E-0C52-4733-A09C-90B274F78420} = {A2176D1D-830D-4D71-AE77-047B67411F21}
		{E743424A-A7AA-4E36-800C-D503EC9B2DC6} = {A2176D1D-830D-4D71-AE77-047B67411F21}
		{1C565135-5354-4E75-BA96-709D1A7A9185} = {A2176D1D-830D-4D71-AE77-047B67411F21}
		{27C92246-6A5A-44DC-8E6F-101E93626A3A} = {A2176D1D-830D-4D71-AE77-047B67411F21}
		{E4CAEABE-144C-47EC-A9EF-6506D30934CC} = {DDED0597-5AEC-44CC-9514-CB2E62B8084B}
		{B280C0CD-A95F-4DE9-BD02-526FF6341985} = {A2176D1D-830D-4D71-AE77-047B67411F21}
		{BF76B2F4-CD2A-446E-9868-5870A3D0F22B} = {5846B3D8-D798-4284-B931-A961D59A071C}
		{651CE8F1-E1F3-4DA0-B994-3B088743DA7B} = {4F41831B-BD42-44B9-85CF-3AC94A603C77}
		{4B4C335F-4CA5-4AC7-92A3-F8E15AE441FC} = {4F41831B-BD42-44B9-85CF-3AC94A603C77}
		{7EFB9292-3B3E-49B2-A1E5-BED234E21181} = {9A3FCCE5-0009-4416-95A5-41FA3241F610}
		{EDAF5ABF-B748-4EE7-85B9-36E9C8E76A89} = {947A9DD2-C3E4-4FDB-B17C-C68B77C68363}
		{726D7F2A-83D6-4E81-8199-5772E6C24251} = {947A9DD2-C3E4-4FDB-B17C-C68B77C68363}
		{83873414-0B2F-47C8-878E-0AA45DCF2AE2} = {947A9DD2-C3E4-4FDB-B17C-C68B77C68363}
		{ED3278D7-1C25-45BC-9978-475F99FEA822} = {A2176D1D-830D-4D71-AE77-047B67411F21}
		{D5B04AD3-481F-42B4-8F1A-A058C3237D5B} = {ED3278D7-1C25-45BC-9978-475F99FEA822}
		{1114CC56-5077-4F3F-83DB-9764B0F4B838} = {ED3278D7-1C25-45BC-9978-475F99FEA822}
		{13FD01F6-C3BD-4BAA-BAB2-56F742C6F9F9} = {ED3278D7-1C25-45BC-9978-475F99FEA822}
		{5F744196-F02F-4141-8C9C-6827042DEF66} = {ED3278D7-1C25-45BC-9978-475F99FEA822}
		{6A5C08E4-1DE9-45BC-BDE6-968A4C90C939} = {ED3278D7-1C25-45BC-9978-475F99FEA822}
		{87157AB1-3F99-4D85-A53D-A8EEE30A8CD3} = {ED3278D7-1C25-45BC-9978-475F99FEA822}
		{5B689BE1-9B2A-4B2B-9B85-CECC3680CE8E} = {5846B3D8-D798-4284-B931-A961D59A071C}
		{D3A14BA1-7725-4C87-903F-86ECB55B801A} = {5846B3D8-D798-4284-B931-A961D59A071C}
		{0C57A11C-BF25-405B-ACF1-CE2642014317} = {5846B3D8-D798-4284-B931-A961D59A071C}
		{A72244E9-E66F-474C-8EE1-92B83207EBDF} = {5846B3D8-D798-4284-B931-A961D59A071C}
		{CEBDFB7C-9A11-4D24-85F7-0C7628D1C0CC} = {46B79929-F4B9-4A02-BC4A-9147BBA3B649}
		{D5189A22-FD21-49C5-BD18-B02114CFAB8B} = {46B79929-F4B9-4A02-BC4A-9147BBA3B649}
		{10361295-DDB8-4BF7-9D0A-BE05E60AD964} = {46B79929-F4B9-4A02-BC4A-9147BBA3B649}
		{7E2DB1B5-F6DC-43B3-89D6-64B965E87213} = {46B79929-F4B9-4A02-BC4A-9147BBA3B649}
		{AFD21D59-0BAF-48AA-AA5C-CC40F827DD56} = {9A3FCCE5-0009-4416-95A5-41FA3241F610}
		{707BB9B8-0468-4CE6-AEF6-8923831A56BE} = {2451AFD9-833C-4CFF-82FF-71B2632B4B00}
		{5588C518-6718-4202-84F7-50BFE3AD8535} = {2451AFD9-833C-4CFF-82FF-71B2632B4B00}
		{A2DCDE02-70AA-4499-A18D-73B21DDD8A7B} = {05D1AFD4-2DB5-4B5C-99A9-D5BAEF059B1E}
		{378E2778-9693-4612-A0A1-25B9930AF685} = {ED3278D7-1C25-45BC-9978-475F99FEA822}
		{9709351B-6A8A-41E9-B424-006AAAA11409} = {48F403AB-5808-42FA-BE7C-ED5D15770972}
		{AE4FA542-5A5B-4B56-BE7A-3B51E9C7EEF0} = {48F403AB-5808-42FA-BE7C-ED5D15770972}
		{A97A74CE-6E75-44BB-9B2B-DA4102FCC52C} = {48F403AB-5808-42FA-BE7C-ED5D15770972}
		{2B60063D-916F-4247-BFEA-2C60A7C257F8} = {48F403AB-5808-42FA-BE7C-ED5D15770972}
		{AA8138EB-0DF1-4277-864E-03B35479B1BF} = {48F403AB-5808-42FA-BE7C-ED5D15770972}
		{C9AB32D2-EB5D-4CC0-9D31-9ECF6EDF6A95} = {48F403AB-5808-42FA-BE7C-ED5D15770972}
		{6E07EBA1-A0E1-47BC-81C7-184FB61BAE89} = {A2176D1D-830D-4D71-AE77-047B67411F21}
		{670E095A-D82D-4A57-9188-03B7A65FD6AC} = {A2176D1D-830D-4D71-AE77-047B67411F21}
		{602B5BD1-2CE6-46AE-B22D-9C39F0AE2BF6} = {670E095A-D82D-4A57-9188-03B7A65FD6AC}
		{E96EBE31-D33B-4834-A655-29E90E4E164B} = {48F403AB-5808-42FA-BE7C-ED5D15770972}
		{9FF28A68-4F9A-46FE-85B5-481F7A2A1C54} = {48F403AB-5808-42FA-BE7C-ED5D15770972}
		{72FAF0EB-03AC-434F-948E-6F2AEFC25F52} = {947A9DD2-C3E4-4FDB-B17C-C68B77C68363}
		{41A741E0-49B3-4120-BD5A-40071F0D17BB} = {947A9DD2-C3E4-4FDB-B17C-C68B77C68363}
		{B0C06055-AC0F-4260-A7B1-651CEB863BFD} = {947A9DD2-C3E4-4FDB-B17C-C68B77C68363}
		{A452FD3E-BB2F-4968-9660-588245893E91} = {48F403AB-5808-42FA-BE7C-ED5D15770972}
		{27677C57-30C1-4193-9DB4-3F33649CBE36} = {947A9DD2-C3E4-4FDB-B17C-C68B77C68363}
		{386FBDF1-CD53-4B8A-AE51-9DA32C8A4D81} = {947A9DD2-C3E4-4FDB-B17C-C68B77C68363}
		{963AC160-BE48-493F-B58A-BDBFCFAA9885} = {947A9DD2-C3E4-4FDB-B17C-C68B77C68363}
		{8C9439DC-D3E9-4A07-8EBF-8558C30041B6} = {1BA1369C-D8C1-410E-B7EB-7FC9E63B4B15}
		{1AF36198-999E-43B2-B698-ED6E9E46C5FF} = {1BA1369C-D8C1-410E-B7EB-7FC9E63B4B15}
	EndGlobalSection
	GlobalSection(ExtensibilityGlobals) = postSolution
		SolutionGuid = {E4BAB2F5-BECD-41F9-A656-F59ACCCCF209}
	EndGlobalSection
EndGlobal
