
Microsoft Visual Studio Solution File, Format Version 12.00
# Visual Studio Version 16
VisualStudioVersion = 16.0.31005.135
MinimumVisualStudioVersion = 10.0.40219.1
Project("{2150E333-8FDC-42A3-9474-1A3956D46DE8}") = "Arrays", "Arrays", "{D14A7553-23D1-4C36-961F-3BEF465800ED}"
EndProject
Project("{FAE04EC0-301F-11D3-BF4B-00C04F79EFBC}") = "ReplaceEvenWithTwoOfSame", "ReplaceEvenWithTwoOfSame\ReplaceEvenWithTwoOfSame.csproj", "{A36698F4-3F69-4E81-8270-5B5174BB52FA}"
EndProject
Project("{FAE04EC0-301F-11D3-BF4B-00C04F79EFBC}") = "ReverseArray", "ReverseArray\ReverseArray.csproj", "{2A14C81E-5B19-44C7-AFC6-04E69E10F5F2}"
EndProject
Project("{9A19103F-16F7-4668-BE54-9A1E7A4F7556}") = "TwoSumInSortedArray", "TwoSumInSortedArray\TwoSumInSortedArray.csproj", "{B200CE23-C4E3-4734-9AC0-953B1EE7D2A8}"
EndProject
Project("{2150E333-8FDC-42A3-9474-1A3956D46DE8}") = "Strings", "Strings", "{AB1A3FD5-EF84-4667-8BEE-BE4E50D5C2E3}"
EndProject
Project("{9A19103F-16F7-4668-BE54-9A1E7A4F7556}") = "ReverseSentence", "ReverseSentence\ReverseSentence.csproj", "{C156CA5F-5F75-4D76-8EA8-E89D083DF6EC}"
EndProject
Project("{9A19103F-16F7-4668-BE54-9A1E7A4F7556}") = "SortSortedArrayAfterSquared", "SortSortedArrayAfterSquared\SortSortedArrayAfterSquared.csproj", "{69FB7781-B05A-40B9-89D7-4F1105A94AE6}"
EndProject
Project("{9A19103F-16F7-4668-BE54-9A1E7A4F7556}") = "ShortestSubarrayToBeSortedToSortArray", "ShortestSubarrayToBeSortedToSortArray\ShortestSubarrayToBeSortedToSortArray.csproj", "{3CDF8509-E61D-49AD-80F0-FB18A281A9D4}"
EndProject
Project("{9A19103F-16F7-4668-BE54-9A1E7A4F7556}") = "MoveAllZeroesToRight", "MoveAllZeroesToRight\MoveAllZeroesToRight.csproj", "{9460BFCD-9A41-47D8-AA8F-F12FF7A20C31}"
EndProject
Project("{9A19103F-16F7-4668-BE54-9A1E7A4F7556}") = "MoveAllZeroesToLeft", "MoveAllZeroesToLeft\MoveAllZeroesToLeft.csproj", "{23C144FF-ADBA-488A-BA12-D686A5D9E8F9}"
EndProject
Project("{9A19103F-16F7-4668-BE54-9A1E7A4F7556}") = "DutchNationalFlag", "DutchNationalFlag\DutchNationalFlag.csproj", "{0008572B-2F82-4310-B48D-C913A3D54DCE}"
EndProject
Project("{9A19103F-16F7-4668-BE54-9A1E7A4F7556}") = "MaximumSubArraySum", "MaximumSubArraySum\MaximumSubArraySum.csproj", "{C7314547-9E7C-4928-8704-E2DBA2546DBC}"
EndProject
Project("{9A19103F-16F7-4668-BE54-9A1E7A4F7556}") = "SubArrayThatSumsToTarget", "SubArrayThatSumsToTarget\SubArrayThatSumsToTarget.csproj", "{F7D8F202-24FA-424D-B301-86024EBFC6BC}"
EndProject
Project("{9A19103F-16F7-4668-BE54-9A1E7A4F7556}") = "MaximuSumOf_K_SizeSubarray", "MaximuSumOf_K_SizeSubarray\MaximuSumOf_K_SizeSubarray.csproj", "{4738C2AE-2398-4605-9788-337A7D9D8B26}"
EndProject
Project("{2150E333-8FDC-42A3-9474-1A3956D46DE8}") = "Recursion", "Recursion", "{947A9DD2-C3E4-4FDB-B17C-C68B77C68363}"
EndProject
Project("{9A19103F-16F7-4668-BE54-9A1E7A4F7556}") = "FibonacciSeries", "FibonacciSeries\FibonacciSeries.csproj", "{57C4BC55-5BF4-4656-9A5C-7DA2A8C569B4}"
EndProject
Project("{9A19103F-16F7-4668-BE54-9A1E7A4F7556}") = "FindGCD", "FindGCD\FindGCD.csproj", "{2813AFB7-A890-4DDC-B132-A7D627C85D87}"
EndProject
Project("{9A19103F-16F7-4668-BE54-9A1E7A4F7556}") = "CheckForPrime", "CheckForPrime\CheckForPrime.csproj", "{CBDD0F07-A608-4A0C-BC10-CBD01E131D2F}"
EndProject
Project("{9A19103F-16F7-4668-BE54-9A1E7A4F7556}") = "ConvertDecimalToBinary", "ConvertDecimalToBinary\ConvertDecimalToBinary.csproj", "{F1ECEDF3-EFB1-4C33-86F6-7FE2098BF751}"
EndProject
Project("{9A19103F-16F7-4668-BE54-9A1E7A4F7556}") = "ReverseStringRecursively", "ReverseStringRecursively\ReverseStringRecursively.csproj", "{30EB03D7-C229-4EB7-A6FB-B6A32E991D04}"
EndProject
Project("{9A19103F-16F7-4668-BE54-9A1E7A4F7556}") = "RemoveDupicatesInString", "RemoveDupicatesInString\RemoveDupicatesInString.csproj", "{CFC565A8-04FF-4F9E-BFA1-2B8AEA32B99F}"
EndProject
Project("{9A19103F-16F7-4668-BE54-9A1E7A4F7556}") = "GetListOfCombinations", "GetListOfCombinations\GetListOfCombinations.csproj", "{02A4458F-BFAB-446E-BAE6-A3683D3C4ACF}"
EndProject
Project("{9A19103F-16F7-4668-BE54-9A1E7A4F7556}") = "FindAnagramsInString", "FindAnagramsInString\FindAnagramsInString.csproj", "{EFD2ED8A-BA54-462A-B6BF-A3D19D1C9582}"
EndProject
Project("{2150E333-8FDC-42A3-9474-1A3956D46DE8}") = "LeetCodeMarch", "LeetCodeMarch", "{04DA40B4-5B34-4266-9347-C7ACBAAF347E}"
EndProject
Project("{FAE04EC0-301F-11D3-BF4B-00C04F79EFBC}") = "Single-RowKeyboard", "Single-RowKeyboard\Single-RowKeyboard.csproj", "{80A426BF-9EB4-4556-872E-0538BDB2B9B0}"
EndProject
Project("{FAE04EC0-301F-11D3-BF4B-00C04F79EFBC}") = "DistributeCandies", "DistributeCandies\DistributeCandies.csproj", "{EA8641DB-98F9-4694-9D62-5C097C138091}"
EndProject
Project("{FAE04EC0-301F-11D3-BF4B-00C04F79EFBC}") = "SetMismatch", "SetMismatch\SetMismatch.csproj", "{322EBBE9-03F9-4A5F-B923-A06EA363233F}"
EndProject
Project("{FAE04EC0-301F-11D3-BF4B-00C04F79EFBC}") = "MissingNumber", "MissingNumber\MissingNumber.csproj", "{6CAC5372-40F7-4A2E-95FD-31832365BDB1}"
EndProject
Project("{FAE04EC0-301F-11D3-BF4B-00C04F79EFBC}") = "PalindromicSubstrings", "PalindromicSubstrings\PalindromicSubstrings.csproj", "{73F60877-AF03-4AFF-9899-08C99EBF2416}"
EndProject
Project("{FAE04EC0-301F-11D3-BF4B-00C04F79EFBC}") = "ClimbStairs", "ClimbStairs\ClimbStairs.csproj", "{3311DBAD-3F74-4593-B206-A22D5F5D6795}"
EndProject
Project("{FAE04EC0-301F-11D3-BF4B-00C04F79EFBC}") = "FindSmallestCommonElementInAllRowsInMatrix", "FindSmallestCommonElementInMatrix\FindSmallestCommonElementInAllRowsInMatrix.csproj", "{BF02B117-A7C1-4BC9-BC84-BD1ED29FB6ED}"
EndProject
Global
	GlobalSection(SolutionConfigurationPlatforms) = preSolution
		Debug|Any CPU = Debug|Any CPU
		Release|Any CPU = Release|Any CPU
	EndGlobalSection
	GlobalSection(ProjectConfigurationPlatforms) = postSolution
		{A36698F4-3F69-4E81-8270-5B5174BB52FA}.Debug|Any CPU.ActiveCfg = Debug|Any CPU
		{A36698F4-3F69-4E81-8270-5B5174BB52FA}.Debug|Any CPU.Build.0 = Debug|Any CPU
		{A36698F4-3F69-4E81-8270-5B5174BB52FA}.Release|Any CPU.ActiveCfg = Release|Any CPU
		{A36698F4-3F69-4E81-8270-5B5174BB52FA}.Release|Any CPU.Build.0 = Release|Any CPU
		{2A14C81E-5B19-44C7-AFC6-04E69E10F5F2}.Debug|Any CPU.ActiveCfg = Debug|Any CPU
		{2A14C81E-5B19-44C7-AFC6-04E69E10F5F2}.Debug|Any CPU.Build.0 = Debug|Any CPU
		{2A14C81E-5B19-44C7-AFC6-04E69E10F5F2}.Release|Any CPU.ActiveCfg = Release|Any CPU
		{2A14C81E-5B19-44C7-AFC6-04E69E10F5F2}.Release|Any CPU.Build.0 = Release|Any CPU
		{B200CE23-C4E3-4734-9AC0-953B1EE7D2A8}.Debug|Any CPU.ActiveCfg = Debug|Any CPU
		{B200CE23-C4E3-4734-9AC0-953B1EE7D2A8}.Debug|Any CPU.Build.0 = Debug|Any CPU
		{B200CE23-C4E3-4734-9AC0-953B1EE7D2A8}.Release|Any CPU.ActiveCfg = Release|Any CPU
		{B200CE23-C4E3-4734-9AC0-953B1EE7D2A8}.Release|Any CPU.Build.0 = Release|Any CPU
		{C156CA5F-5F75-4D76-8EA8-E89D083DF6EC}.Debug|Any CPU.ActiveCfg = Debug|Any CPU
		{C156CA5F-5F75-4D76-8EA8-E89D083DF6EC}.Debug|Any CPU.Build.0 = Debug|Any CPU
		{C156CA5F-5F75-4D76-8EA8-E89D083DF6EC}.Release|Any CPU.ActiveCfg = Release|Any CPU
		{C156CA5F-5F75-4D76-8EA8-E89D083DF6EC}.Release|Any CPU.Build.0 = Release|Any CPU
		{69FB7781-B05A-40B9-89D7-4F1105A94AE6}.Debug|Any CPU.ActiveCfg = Debug|Any CPU
		{69FB7781-B05A-40B9-89D7-4F1105A94AE6}.Debug|Any CPU.Build.0 = Debug|Any CPU
		{69FB7781-B05A-40B9-89D7-4F1105A94AE6}.Release|Any CPU.ActiveCfg = Release|Any CPU
		{69FB7781-B05A-40B9-89D7-4F1105A94AE6}.Release|Any CPU.Build.0 = Release|Any CPU
		{3CDF8509-E61D-49AD-80F0-FB18A281A9D4}.Debug|Any CPU.ActiveCfg = Debug|Any CPU
		{3CDF8509-E61D-49AD-80F0-FB18A281A9D4}.Debug|Any CPU.Build.0 = Debug|Any CPU
		{3CDF8509-E61D-49AD-80F0-FB18A281A9D4}.Release|Any CPU.ActiveCfg = Release|Any CPU
		{3CDF8509-E61D-49AD-80F0-FB18A281A9D4}.Release|Any CPU.Build.0 = Release|Any CPU
		{9460BFCD-9A41-47D8-AA8F-F12FF7A20C31}.Debug|Any CPU.ActiveCfg = Debug|Any CPU
		{9460BFCD-9A41-47D8-AA8F-F12FF7A20C31}.Debug|Any CPU.Build.0 = Debug|Any CPU
		{9460BFCD-9A41-47D8-AA8F-F12FF7A20C31}.Release|Any CPU.ActiveCfg = Release|Any CPU
		{9460BFCD-9A41-47D8-AA8F-F12FF7A20C31}.Release|Any CPU.Build.0 = Release|Any CPU
		{23C144FF-ADBA-488A-BA12-D686A5D9E8F9}.Debug|Any CPU.ActiveCfg = Debug|Any CPU
		{23C144FF-ADBA-488A-BA12-D686A5D9E8F9}.Debug|Any CPU.Build.0 = Debug|Any CPU
		{23C144FF-ADBA-488A-BA12-D686A5D9E8F9}.Release|Any CPU.ActiveCfg = Release|Any CPU
		{23C144FF-ADBA-488A-BA12-D686A5D9E8F9}.Release|Any CPU.Build.0 = Release|Any CPU
		{0008572B-2F82-4310-B48D-C913A3D54DCE}.Debug|Any CPU.ActiveCfg = Debug|Any CPU
		{0008572B-2F82-4310-B48D-C913A3D54DCE}.Debug|Any CPU.Build.0 = Debug|Any CPU
		{0008572B-2F82-4310-B48D-C913A3D54DCE}.Release|Any CPU.ActiveCfg = Release|Any CPU
		{0008572B-2F82-4310-B48D-C913A3D54DCE}.Release|Any CPU.Build.0 = Release|Any CPU
		{C7314547-9E7C-4928-8704-E2DBA2546DBC}.Debug|Any CPU.ActiveCfg = Debug|Any CPU
		{C7314547-9E7C-4928-8704-E2DBA2546DBC}.Debug|Any CPU.Build.0 = Debug|Any CPU
		{C7314547-9E7C-4928-8704-E2DBA2546DBC}.Release|Any CPU.ActiveCfg = Release|Any CPU
		{C7314547-9E7C-4928-8704-E2DBA2546DBC}.Release|Any CPU.Build.0 = Release|Any CPU
		{F7D8F202-24FA-424D-B301-86024EBFC6BC}.Debug|Any CPU.ActiveCfg = Debug|Any CPU
		{F7D8F202-24FA-424D-B301-86024EBFC6BC}.Debug|Any CPU.Build.0 = Debug|Any CPU
		{F7D8F202-24FA-424D-B301-86024EBFC6BC}.Release|Any CPU.ActiveCfg = Release|Any CPU
		{F7D8F202-24FA-424D-B301-86024EBFC6BC}.Release|Any CPU.Build.0 = Release|Any CPU
		{4738C2AE-2398-4605-9788-337A7D9D8B26}.Debug|Any CPU.ActiveCfg = Debug|Any CPU
		{4738C2AE-2398-4605-9788-337A7D9D8B26}.Debug|Any CPU.Build.0 = Debug|Any CPU
		{4738C2AE-2398-4605-9788-337A7D9D8B26}.Release|Any CPU.ActiveCfg = Release|Any CPU
		{4738C2AE-2398-4605-9788-337A7D9D8B26}.Release|Any CPU.Build.0 = Release|Any CPU
		{57C4BC55-5BF4-4656-9A5C-7DA2A8C569B4}.Debug|Any CPU.ActiveCfg = Debug|Any CPU
		{57C4BC55-5BF4-4656-9A5C-7DA2A8C569B4}.Debug|Any CPU.Build.0 = Debug|Any CPU
		{57C4BC55-5BF4-4656-9A5C-7DA2A8C569B4}.Release|Any CPU.ActiveCfg = Release|Any CPU
		{57C4BC55-5BF4-4656-9A5C-7DA2A8C569B4}.Release|Any CPU.Build.0 = Release|Any CPU
		{2813AFB7-A890-4DDC-B132-A7D627C85D87}.Debug|Any CPU.ActiveCfg = Debug|Any CPU
		{2813AFB7-A890-4DDC-B132-A7D627C85D87}.Debug|Any CPU.Build.0 = Debug|Any CPU
		{2813AFB7-A890-4DDC-B132-A7D627C85D87}.Release|Any CPU.ActiveCfg = Release|Any CPU
		{2813AFB7-A890-4DDC-B132-A7D627C85D87}.Release|Any CPU.Build.0 = Release|Any CPU
		{CBDD0F07-A608-4A0C-BC10-CBD01E131D2F}.Debug|Any CPU.ActiveCfg = Debug|Any CPU
		{CBDD0F07-A608-4A0C-BC10-CBD01E131D2F}.Debug|Any CPU.Build.0 = Debug|Any CPU
		{CBDD0F07-A608-4A0C-BC10-CBD01E131D2F}.Release|Any CPU.ActiveCfg = Release|Any CPU
		{CBDD0F07-A608-4A0C-BC10-CBD01E131D2F}.Release|Any CPU.Build.0 = Release|Any CPU
		{F1ECEDF3-EFB1-4C33-86F6-7FE2098BF751}.Debug|Any CPU.ActiveCfg = Debug|Any CPU
		{F1ECEDF3-EFB1-4C33-86F6-7FE2098BF751}.Debug|Any CPU.Build.0 = Debug|Any CPU
		{F1ECEDF3-EFB1-4C33-86F6-7FE2098BF751}.Release|Any CPU.ActiveCfg = Release|Any CPU
		{F1ECEDF3-EFB1-4C33-86F6-7FE2098BF751}.Release|Any CPU.Build.0 = Release|Any CPU
		{30EB03D7-C229-4EB7-A6FB-B6A32E991D04}.Debug|Any CPU.ActiveCfg = Debug|Any CPU
		{30EB03D7-C229-4EB7-A6FB-B6A32E991D04}.Debug|Any CPU.Build.0 = Debug|Any CPU
		{30EB03D7-C229-4EB7-A6FB-B6A32E991D04}.Release|Any CPU.ActiveCfg = Release|Any CPU
		{30EB03D7-C229-4EB7-A6FB-B6A32E991D04}.Release|Any CPU.Build.0 = Release|Any CPU
		{CFC565A8-04FF-4F9E-BFA1-2B8AEA32B99F}.Debug|Any CPU.ActiveCfg = Debug|Any CPU
		{CFC565A8-04FF-4F9E-BFA1-2B8AEA32B99F}.Debug|Any CPU.Build.0 = Debug|Any CPU
		{CFC565A8-04FF-4F9E-BFA1-2B8AEA32B99F}.Release|Any CPU.ActiveCfg = Release|Any CPU
		{CFC565A8-04FF-4F9E-BFA1-2B8AEA32B99F}.Release|Any CPU.Build.0 = Release|Any CPU
		{02A4458F-BFAB-446E-BAE6-A3683D3C4ACF}.Debug|Any CPU.ActiveCfg = Debug|Any CPU
		{02A4458F-BFAB-446E-BAE6-A3683D3C4ACF}.Debug|Any CPU.Build.0 = Debug|Any CPU
		{02A4458F-BFAB-446E-BAE6-A3683D3C4ACF}.Release|Any CPU.ActiveCfg = Release|Any CPU
		{02A4458F-BFAB-446E-BAE6-A3683D3C4ACF}.Release|Any CPU.Build.0 = Release|Any CPU
		{EFD2ED8A-BA54-462A-B6BF-A3D19D1C9582}.Debug|Any CPU.ActiveCfg = Debug|Any CPU
		{EFD2ED8A-BA54-462A-B6BF-A3D19D1C9582}.Debug|Any CPU.Build.0 = Debug|Any CPU
		{EFD2ED8A-BA54-462A-B6BF-A3D19D1C9582}.Release|Any CPU.ActiveCfg = Release|Any CPU
		{EFD2ED8A-BA54-462A-B6BF-A3D19D1C9582}.Release|Any CPU.Build.0 = Release|Any CPU
		{80A426BF-9EB4-4556-872E-0538BDB2B9B0}.Debug|Any CPU.ActiveCfg = Debug|Any CPU
		{80A426BF-9EB4-4556-872E-0538BDB2B9B0}.Debug|Any CPU.Build.0 = Debug|Any CPU
		{80A426BF-9EB4-4556-872E-0538BDB2B9B0}.Release|Any CPU.ActiveCfg = Release|Any CPU
		{80A426BF-9EB4-4556-872E-0538BDB2B9B0}.Release|Any CPU.Build.0 = Release|Any CPU
		{EA8641DB-98F9-4694-9D62-5C097C138091}.Debug|Any CPU.ActiveCfg = Debug|Any CPU
		{EA8641DB-98F9-4694-9D62-5C097C138091}.Debug|Any CPU.Build.0 = Debug|Any CPU
		{EA8641DB-98F9-4694-9D62-5C097C138091}.Release|Any CPU.ActiveCfg = Release|Any CPU
		{EA8641DB-98F9-4694-9D62-5C097C138091}.Release|Any CPU.Build.0 = Release|Any CPU
		{322EBBE9-03F9-4A5F-B923-A06EA363233F}.Debug|Any CPU.ActiveCfg = Debug|Any CPU
		{322EBBE9-03F9-4A5F-B923-A06EA363233F}.Debug|Any CPU.Build.0 = Debug|Any CPU
		{322EBBE9-03F9-4A5F-B923-A06EA363233F}.Release|Any CPU.ActiveCfg = Release|Any CPU
		{322EBBE9-03F9-4A5F-B923-A06EA363233F}.Release|Any CPU.Build.0 = Release|Any CPU
		{6CAC5372-40F7-4A2E-95FD-31832365BDB1}.Debug|Any CPU.ActiveCfg = Debug|Any CPU
		{6CAC5372-40F7-4A2E-95FD-31832365BDB1}.Debug|Any CPU.Build.0 = Debug|Any CPU
		{6CAC5372-40F7-4A2E-95FD-31832365BDB1}.Release|Any CPU.ActiveCfg = Release|Any CPU
		{6CAC5372-40F7-4A2E-95FD-31832365BDB1}.Release|Any CPU.Build.0 = Release|Any CPU
		{73F60877-AF03-4AFF-9899-08C99EBF2416}.Debug|Any CPU.ActiveCfg = Debug|Any CPU
		{73F60877-AF03-4AFF-9899-08C99EBF2416}.Debug|Any CPU.Build.0 = Debug|Any CPU
		{73F60877-AF03-4AFF-9899-08C99EBF2416}.Release|Any CPU.ActiveCfg = Release|Any CPU
		{73F60877-AF03-4AFF-9899-08C99EBF2416}.Release|Any CPU.Build.0 = Release|Any CPU
		{3311DBAD-3F74-4593-B206-A22D5F5D6795}.Debug|Any CPU.ActiveCfg = Debug|Any CPU
		{3311DBAD-3F74-4593-B206-A22D5F5D6795}.Debug|Any CPU.Build.0 = Debug|Any CPU
		{3311DBAD-3F74-4593-B206-A22D5F5D6795}.Release|Any CPU.ActiveCfg = Release|Any CPU
		{3311DBAD-3F74-4593-B206-A22D5F5D6795}.Release|Any CPU.Build.0 = Release|Any CPU
		{BF02B117-A7C1-4BC9-BC84-BD1ED29FB6ED}.Debug|Any CPU.ActiveCfg = Debug|Any CPU
		{BF02B117-A7C1-4BC9-BC84-BD1ED29FB6ED}.Debug|Any CPU.Build.0 = Debug|Any CPU
		{BF02B117-A7C1-4BC9-BC84-BD1ED29FB6ED}.Release|Any CPU.ActiveCfg = Release|Any CPU
		{BF02B117-A7C1-4BC9-BC84-BD1ED29FB6ED}.Release|Any CPU.Build.0 = Release|Any CPU
	EndGlobalSection
	GlobalSection(SolutionProperties) = preSolution
		HideSolutionNode = FALSE
	EndGlobalSection
	GlobalSection(NestedProjects) = preSolution
		{A36698F4-3F69-4E81-8270-5B5174BB52FA} = {D14A7553-23D1-4C36-961F-3BEF465800ED}
		{2A14C81E-5B19-44C7-AFC6-04E69E10F5F2} = {D14A7553-23D1-4C36-961F-3BEF465800ED}
		{B200CE23-C4E3-4734-9AC0-953B1EE7D2A8} = {D14A7553-23D1-4C36-961F-3BEF465800ED}
		{C156CA5F-5F75-4D76-8EA8-E89D083DF6EC} = {AB1A3FD5-EF84-4667-8BEE-BE4E50D5C2E3}
		{69FB7781-B05A-40B9-89D7-4F1105A94AE6} = {D14A7553-23D1-4C36-961F-3BEF465800ED}
		{3CDF8509-E61D-49AD-80F0-FB18A281A9D4} = {D14A7553-23D1-4C36-961F-3BEF465800ED}
		{9460BFCD-9A41-47D8-AA8F-F12FF7A20C31} = {D14A7553-23D1-4C36-961F-3BEF465800ED}
		{23C144FF-ADBA-488A-BA12-D686A5D9E8F9} = {D14A7553-23D1-4C36-961F-3BEF465800ED}
		{0008572B-2F82-4310-B48D-C913A3D54DCE} = {D14A7553-23D1-4C36-961F-3BEF465800ED}
		{C7314547-9E7C-4928-8704-E2DBA2546DBC} = {D14A7553-23D1-4C36-961F-3BEF465800ED}
		{F7D8F202-24FA-424D-B301-86024EBFC6BC} = {D14A7553-23D1-4C36-961F-3BEF465800ED}
		{4738C2AE-2398-4605-9788-337A7D9D8B26} = {D14A7553-23D1-4C36-961F-3BEF465800ED}
		{57C4BC55-5BF4-4656-9A5C-7DA2A8C569B4} = {947A9DD2-C3E4-4FDB-B17C-C68B77C68363}
		{2813AFB7-A890-4DDC-B132-A7D627C85D87} = {947A9DD2-C3E4-4FDB-B17C-C68B77C68363}
		{CBDD0F07-A608-4A0C-BC10-CBD01E131D2F} = {947A9DD2-C3E4-4FDB-B17C-C68B77C68363}
		{F1ECEDF3-EFB1-4C33-86F6-7FE2098BF751} = {947A9DD2-C3E4-4FDB-B17C-C68B77C68363}
		{30EB03D7-C229-4EB7-A6FB-B6A32E991D04} = {947A9DD2-C3E4-4FDB-B17C-C68B77C68363}
		{CFC565A8-04FF-4F9E-BFA1-2B8AEA32B99F} = {947A9DD2-C3E4-4FDB-B17C-C68B77C68363}
		{02A4458F-BFAB-446E-BAE6-A3683D3C4ACF} = {947A9DD2-C3E4-4FDB-B17C-C68B77C68363}
		{EFD2ED8A-BA54-462A-B6BF-A3D19D1C9582} = {AB1A3FD5-EF84-4667-8BEE-BE4E50D5C2E3}
		{80A426BF-9EB4-4556-872E-0538BDB2B9B0} = {04DA40B4-5B34-4266-9347-C7ACBAAF347E}
		{EA8641DB-98F9-4694-9D62-5C097C138091} = {04DA40B4-5B34-4266-9347-C7ACBAAF347E}
		{322EBBE9-03F9-4A5F-B923-A06EA363233F} = {04DA40B4-5B34-4266-9347-C7ACBAAF347E}
		{6CAC5372-40F7-4A2E-95FD-31832365BDB1} = {04DA40B4-5B34-4266-9347-C7ACBAAF347E}
		{73F60877-AF03-4AFF-9899-08C99EBF2416} = {04DA40B4-5B34-4266-9347-C7ACBAAF347E}
		{3311DBAD-3F74-4593-B206-A22D5F5D6795} = {947A9DD2-C3E4-4FDB-B17C-C68B77C68363}
		{BF02B117-A7C1-4BC9-BC84-BD1ED29FB6ED} = {04DA40B4-5B34-4266-9347-C7ACBAAF347E}
	EndGlobalSection
	GlobalSection(ExtensibilityGlobals) = postSolution
		SolutionGuid = {E4BAB2F5-BECD-41F9-A656-F59ACCCCF209}
	EndGlobalSection
EndGlobal
